// !$*UTF8*$!
{
	archiveVersion = 1;
	classes = {
	};
	objectVersion = 52;
	objects = {

/* Begin PBXBuildFile section */
		2411748F25F14886001EE7CB /* NSImage+ext.swift in Sources */ = {isa = PBXBuildFile; fileRef = 2411748E25F14886001EE7CB /* NSImage+ext.swift */; };
		2411749225F152B4001EE7CB /* URL+ext.swift in Sources */ = {isa = PBXBuildFile; fileRef = 2411749125F152B4001EE7CB /* URL+ext.swift */; };
		24171CEF260A1CC3003852E0 /* Exercise.swift in Sources */ = {isa = PBXBuildFile; fileRef = 24171CEE260A1CC3003852E0 /* Exercise.swift */; };
		24171CF3260A1DAB003852E0 /* WorkType.swift in Sources */ = {isa = PBXBuildFile; fileRef = 24171CF2260A1DAB003852E0 /* WorkType.swift */; };
		24171CF6260A1E0D003852E0 /* LevelType.swift in Sources */ = {isa = PBXBuildFile; fileRef = 24171CF5260A1E0D003852E0 /* LevelType.swift */; };
		24171CFA260A225A003852E0 /* StrenghtExercise.swift in Sources */ = {isa = PBXBuildFile; fileRef = 24171CF9260A225A003852E0 /* StrenghtExercise.swift */; };
		24171CFE260A2330003852E0 /* IntervalExercise.swift in Sources */ = {isa = PBXBuildFile; fileRef = 24171CFD260A2330003852E0 /* IntervalExercise.swift */; };
		24171D06260A2746003852E0 /* Workout.swift in Sources */ = {isa = PBXBuildFile; fileRef = 24171D05260A2746003852E0 /* Workout.swift */; };
		24171D0A260A2842003852E0 /* SexType.swift in Sources */ = {isa = PBXBuildFile; fileRef = 24171D09260A2842003852E0 /* SexType.swift */; };
		24171D0D260A288B003852E0 /* TargetType.swift in Sources */ = {isa = PBXBuildFile; fileRef = 24171D0C260A288B003852E0 /* TargetType.swift */; };
		24171D10260A49A7003852E0 /* EquipmentType.swift in Sources */ = {isa = PBXBuildFile; fileRef = 24171D0F260A49A7003852E0 /* EquipmentType.swift */; };
		24171D13260A4A30003852E0 /* WorkoutSeria.swift in Sources */ = {isa = PBXBuildFile; fileRef = 24171D12260A4A30003852E0 /* WorkoutSeria.swift */; };
		24171D24260A4FAE003852E0 /* BlurWindow.swift in Sources */ = {isa = PBXBuildFile; fileRef = 24171D23260A4FAE003852E0 /* BlurWindow.swift */; };
		24171D32260A6292003852E0 /* CoreData.swift in Sources */ = {isa = PBXBuildFile; fileRef = 24171D31260A6292003852E0 /* CoreData.swift */; };
		24171D35260A62AB003852E0 /* CoreDatable.swift in Sources */ = {isa = PBXBuildFile; fileRef = 24171D34260A62AB003852E0 /* CoreDatable.swift */; };
		24171D39260A644F003852E0 /* fitnessAppGenerator.xcdatamodeld in Sources */ = {isa = PBXBuildFile; fileRef = 24171D37260A644F003852E0 /* fitnessAppGenerator.xcdatamodeld */; };
		24171D3E260A68AD003852E0 /* Int.swift in Sources */ = {isa = PBXBuildFile; fileRef = 24171D3D260A68AD003852E0 /* Int.swift */; };
		24171D49260B1AB4003852E0 /* AddImageButton.swift in Sources */ = {isa = PBXBuildFile; fileRef = 24171D48260B1AB4003852E0 /* AddImageButton.swift */; };
		24171D4D260B2478003852E0 /* NSTextField.swift in Sources */ = {isa = PBXBuildFile; fileRef = 24171D4C260B2478003852E0 /* NSTextField.swift */; };
		24171D50260B8680003852E0 /* MusculeType.swift in Sources */ = {isa = PBXBuildFile; fileRef = 24171D4F260B8680003852E0 /* MusculeType.swift */; };
		24171D5C260C7FB1003852E0 /* Circle.swift in Sources */ = {isa = PBXBuildFile; fileRef = 24171D5B260C7FB1003852E0 /* Circle.swift */; };
		24171D772610EF96003852E0 /* MultiCaseChooseView.swift in Sources */ = {isa = PBXBuildFile; fileRef = 24171D762610EF96003852E0 /* MultiCaseChooseView.swift */; };
		24171D7A2611C5FF003852E0 /* ExerciseSet.swift in Sources */ = {isa = PBXBuildFile; fileRef = 24171D792611C5FF003852E0 /* ExerciseSet.swift */; };
		24171D7D2611E26F003852E0 /* BasicExercise.swift in Sources */ = {isa = PBXBuildFile; fileRef = 24171D7C2611E26F003852E0 /* BasicExercise.swift */; };
		24204A212685DF7500927D4B /* CircleType.swift in Sources */ = {isa = PBXBuildFile; fileRef = 24204A202685DF7500927D4B /* CircleType.swift */; };
		243A3C692686524C0001C381 /* MyHome.swift in Sources */ = {isa = PBXBuildFile; fileRef = 243A3C682686524C0001C381 /* MyHome.swift */; };
		243A3C6B268652640001C381 /* MyTabButton.swift in Sources */ = {isa = PBXBuildFile; fileRef = 243A3C6A268652640001C381 /* MyTabButton.swift */; };
		243A3C6D268653C10001C381 /* MyHomeViewModel.swift in Sources */ = {isa = PBXBuildFile; fileRef = 243A3C6C268653C10001C381 /* MyHomeViewModel.swift */; };
		243A3C72268662530001C381 /* MyExercisesViewModel.swift in Sources */ = {isa = PBXBuildFile; fileRef = 243A3C71268662530001C381 /* MyExercisesViewModel.swift */; };
		243A3C77268672620001C381 /* SeriesView.swift in Sources */ = {isa = PBXBuildFile; fileRef = 243A3C76268672620001C381 /* SeriesView.swift */; };
		243A3C792686726D0001C381 /* WorkoutsView.swift in Sources */ = {isa = PBXBuildFile; fileRef = 243A3C782686726D0001C381 /* WorkoutsView.swift */; };
		243A3C7B268672750001C381 /* ExercisesView.swift in Sources */ = {isa = PBXBuildFile; fileRef = 243A3C7A268672750001C381 /* ExercisesView.swift */; };
		24AFB45B2615993D006D67F2 /* Notification Names.swift in Sources */ = {isa = PBXBuildFile; fileRef = 24AFB45A2615993D006D67F2 /* Notification Names.swift */; };
		24F24F4B25F0AF4C003C1D04 /* GeneratorJSONApp.swift in Sources */ = {isa = PBXBuildFile; fileRef = 24F24F4A25F0AF4C003C1D04 /* GeneratorJSONApp.swift */; };
		24F24F4F25F0AF4E003C1D04 /* Assets.xcassets in Resources */ = {isa = PBXBuildFile; fileRef = 24F24F4E25F0AF4E003C1D04 /* Assets.xcassets */; };
		24F24F5225F0AF4E003C1D04 /* Preview Assets.xcassets in Resources */ = {isa = PBXBuildFile; fileRef = 24F24F5125F0AF4E003C1D04 /* Preview Assets.xcassets */; };
		24F24F6625F0B5B6003C1D04 /* SwiftyJSON in Frameworks */ = {isa = PBXBuildFile; productRef = 24F24F6525F0B5B6003C1D04 /* SwiftyJSON */; };
		24F9D0EE268848AC00F9E217 /* ReviewExerciseView.swift in Sources */ = {isa = PBXBuildFile; fileRef = 24F9D0ED268848AC00F9E217 /* ReviewExerciseView.swift */; };
		24F9D0F026889F2200F9E217 /* DetailExerciseView.swift in Sources */ = {isa = PBXBuildFile; fileRef = 24F9D0EF26889F2200F9E217 /* DetailExerciseView.swift */; };
		24F9D0F22688BE5F00F9E217 /* MyExerciseViewModel.swift in Sources */ = {isa = PBXBuildFile; fileRef = 24F9D0F12688BE5F00F9E217 /* MyExerciseViewModel.swift */; };
		24F9D0F52689F1E700F9E217 /* MyWorkoutsViewModel.swift in Sources */ = {isa = PBXBuildFile; fileRef = 24F9D0F42689F1E700F9E217 /* MyWorkoutsViewModel.swift */; };
		24F9D0F72689F32B00F9E217 /* ReviewWorkoutView.swift in Sources */ = {isa = PBXBuildFile; fileRef = 24F9D0F62689F32B00F9E217 /* ReviewWorkoutView.swift */; };
		24F9D0F92689F3E700F9E217 /* DetailWorkoutView.swift in Sources */ = {isa = PBXBuildFile; fileRef = 24F9D0F82689F3E700F9E217 /* DetailWorkoutView.swift */; };
		24F9D0FB2689F40C00F9E217 /* MyWorkoutViewModel.swift in Sources */ = {isa = PBXBuildFile; fileRef = 24F9D0FA2689F40C00F9E217 /* MyWorkoutViewModel.swift */; };
		24F9D0FF268A462400F9E217 /* DetailWorkoutCircleView.swift in Sources */ = {isa = PBXBuildFile; fileRef = 24F9D0FE268A462400F9E217 /* DetailWorkoutCircleView.swift */; };
		24F9D101268AFA6600F9E217 /* AddExerciseCatalogView.swift in Sources */ = {isa = PBXBuildFile; fileRef = 24F9D100268AFA6600F9E217 /* AddExerciseCatalogView.swift */; };
		24F9D111268B8A5F00F9E217 /* ShortExerciseView.swift in Sources */ = {isa = PBXBuildFile; fileRef = 24F9D110268B8A5F00F9E217 /* ShortExerciseView.swift */; };
		24F9D114268B99BF00F9E217 /* AddExerciseCatalogViewModel.swift in Sources */ = {isa = PBXBuildFile; fileRef = 24F9D113268B99BF00F9E217 /* AddExerciseCatalogViewModel.swift */; };
		24F9D116268C3D3900F9E217 /* IntervalExercisePropertyView.swift in Sources */ = {isa = PBXBuildFile; fileRef = 24F9D115268C3D3900F9E217 /* IntervalExercisePropertyView.swift */; };
		24F9D118268C558E00F9E217 /* ExercisePropertyViewModel.swift in Sources */ = {isa = PBXBuildFile; fileRef = 24F9D117268C558E00F9E217 /* ExercisePropertyViewModel.swift */; };
		24F9D11A268C72D400F9E217 /* StrenghtExercisePropertyView.swift in Sources */ = {isa = PBXBuildFile; fileRef = 24F9D119268C72D400F9E217 /* StrenghtExercisePropertyView.swift */; };
		24F9D11D268C930E00F9E217 /* MySeriesViewModel.swift in Sources */ = {isa = PBXBuildFile; fileRef = 24F9D11C268C930E00F9E217 /* MySeriesViewModel.swift */; };
		24F9D11F268C946700F9E217 /* DetailSeriaView.swift in Sources */ = {isa = PBXBuildFile; fileRef = 24F9D11E268C946700F9E217 /* DetailSeriaView.swift */; };
		24F9D121268C947700F9E217 /* ReviewSeriaVeiw.swift in Sources */ = {isa = PBXBuildFile; fileRef = 24F9D120268C947700F9E217 /* ReviewSeriaVeiw.swift */; };
		24F9D123268C98AF00F9E217 /* MySeriaViewModel.swift in Sources */ = {isa = PBXBuildFile; fileRef = 24F9D122268C98AF00F9E217 /* MySeriaViewModel.swift */; };
		24F9D127268CB6BC00F9E217 /* AddWorkoutViewModel.swift in Sources */ = {isa = PBXBuildFile; fileRef = 24F9D126268CB6BC00F9E217 /* AddWorkoutViewModel.swift */; };
		24F9D12B268CB73B00F9E217 /* AddWorkoutCatalogView.swift in Sources */ = {isa = PBXBuildFile; fileRef = 24F9D12A268CB73B00F9E217 /* AddWorkoutCatalogView.swift */; };
/* End PBXBuildFile section */

/* Begin PBXFileReference section */
		2411748E25F14886001EE7CB /* NSImage+ext.swift */ = {isa = PBXFileReference; lastKnownFileType = sourcecode.swift; path = "NSImage+ext.swift"; sourceTree = "<group>"; };
		2411749125F152B4001EE7CB /* URL+ext.swift */ = {isa = PBXFileReference; lastKnownFileType = sourcecode.swift; path = "URL+ext.swift"; sourceTree = "<group>"; };
		24171CEE260A1CC3003852E0 /* Exercise.swift */ = {isa = PBXFileReference; lastKnownFileType = sourcecode.swift; path = Exercise.swift; sourceTree = "<group>"; };
		24171CF2260A1DAB003852E0 /* WorkType.swift */ = {isa = PBXFileReference; lastKnownFileType = sourcecode.swift; path = WorkType.swift; sourceTree = "<group>"; };
		24171CF5260A1E0D003852E0 /* LevelType.swift */ = {isa = PBXFileReference; lastKnownFileType = sourcecode.swift; path = LevelType.swift; sourceTree = "<group>"; };
		24171CF9260A225A003852E0 /* StrenghtExercise.swift */ = {isa = PBXFileReference; lastKnownFileType = sourcecode.swift; path = StrenghtExercise.swift; sourceTree = "<group>"; };
		24171CFD260A2330003852E0 /* IntervalExercise.swift */ = {isa = PBXFileReference; lastKnownFileType = sourcecode.swift; path = IntervalExercise.swift; sourceTree = "<group>"; };
		24171D05260A2746003852E0 /* Workout.swift */ = {isa = PBXFileReference; lastKnownFileType = sourcecode.swift; path = Workout.swift; sourceTree = "<group>"; };
		24171D09260A2842003852E0 /* SexType.swift */ = {isa = PBXFileReference; lastKnownFileType = sourcecode.swift; path = SexType.swift; sourceTree = "<group>"; };
		24171D0C260A288B003852E0 /* TargetType.swift */ = {isa = PBXFileReference; lastKnownFileType = sourcecode.swift; path = TargetType.swift; sourceTree = "<group>"; };
		24171D0F260A49A7003852E0 /* EquipmentType.swift */ = {isa = PBXFileReference; lastKnownFileType = sourcecode.swift; path = EquipmentType.swift; sourceTree = "<group>"; };
		24171D12260A4A30003852E0 /* WorkoutSeria.swift */ = {isa = PBXFileReference; lastKnownFileType = sourcecode.swift; path = WorkoutSeria.swift; sourceTree = "<group>"; };
		24171D23260A4FAE003852E0 /* BlurWindow.swift */ = {isa = PBXFileReference; lastKnownFileType = sourcecode.swift; path = BlurWindow.swift; sourceTree = "<group>"; };
		24171D31260A6292003852E0 /* CoreData.swift */ = {isa = PBXFileReference; lastKnownFileType = sourcecode.swift; path = CoreData.swift; sourceTree = "<group>"; };
		24171D34260A62AB003852E0 /* CoreDatable.swift */ = {isa = PBXFileReference; lastKnownFileType = sourcecode.swift; path = CoreDatable.swift; sourceTree = "<group>"; };
		24171D38260A644F003852E0 /* fitnessAppGenerator.xcdatamodel */ = {isa = PBXFileReference; lastKnownFileType = wrapper.xcdatamodel; path = fitnessAppGenerator.xcdatamodel; sourceTree = "<group>"; };
		24171D3D260A68AD003852E0 /* Int.swift */ = {isa = PBXFileReference; lastKnownFileType = sourcecode.swift; path = Int.swift; sourceTree = "<group>"; };
		24171D48260B1AB4003852E0 /* AddImageButton.swift */ = {isa = PBXFileReference; lastKnownFileType = sourcecode.swift; path = AddImageButton.swift; sourceTree = "<group>"; };
		24171D4C260B2478003852E0 /* NSTextField.swift */ = {isa = PBXFileReference; lastKnownFileType = sourcecode.swift; path = NSTextField.swift; sourceTree = "<group>"; };
		24171D4F260B8680003852E0 /* MusculeType.swift */ = {isa = PBXFileReference; lastKnownFileType = sourcecode.swift; path = MusculeType.swift; sourceTree = "<group>"; };
		24171D5B260C7FB1003852E0 /* Circle.swift */ = {isa = PBXFileReference; lastKnownFileType = sourcecode.swift; path = Circle.swift; sourceTree = "<group>"; };
		24171D762610EF96003852E0 /* MultiCaseChooseView.swift */ = {isa = PBXFileReference; lastKnownFileType = sourcecode.swift; path = MultiCaseChooseView.swift; sourceTree = "<group>"; };
		24171D792611C5FF003852E0 /* ExerciseSet.swift */ = {isa = PBXFileReference; lastKnownFileType = sourcecode.swift; path = ExerciseSet.swift; sourceTree = "<group>"; };
		24171D7C2611E26F003852E0 /* BasicExercise.swift */ = {isa = PBXFileReference; lastKnownFileType = sourcecode.swift; path = BasicExercise.swift; sourceTree = "<group>"; };
		24204A202685DF7500927D4B /* CircleType.swift */ = {isa = PBXFileReference; lastKnownFileType = sourcecode.swift; path = CircleType.swift; sourceTree = "<group>"; };
		243A3C682686524C0001C381 /* MyHome.swift */ = {isa = PBXFileReference; lastKnownFileType = sourcecode.swift; path = MyHome.swift; sourceTree = "<group>"; };
		243A3C6A268652640001C381 /* MyTabButton.swift */ = {isa = PBXFileReference; lastKnownFileType = sourcecode.swift; path = MyTabButton.swift; sourceTree = "<group>"; };
		243A3C6C268653C10001C381 /* MyHomeViewModel.swift */ = {isa = PBXFileReference; lastKnownFileType = sourcecode.swift; path = MyHomeViewModel.swift; sourceTree = "<group>"; };
		243A3C71268662530001C381 /* MyExercisesViewModel.swift */ = {isa = PBXFileReference; lastKnownFileType = sourcecode.swift; path = MyExercisesViewModel.swift; sourceTree = "<group>"; };
		243A3C76268672620001C381 /* SeriesView.swift */ = {isa = PBXFileReference; lastKnownFileType = sourcecode.swift; path = SeriesView.swift; sourceTree = "<group>"; };
		243A3C782686726D0001C381 /* WorkoutsView.swift */ = {isa = PBXFileReference; lastKnownFileType = sourcecode.swift; path = WorkoutsView.swift; sourceTree = "<group>"; };
		243A3C7A268672750001C381 /* ExercisesView.swift */ = {isa = PBXFileReference; lastKnownFileType = sourcecode.swift; path = ExercisesView.swift; sourceTree = "<group>"; };
		24AFB45A2615993D006D67F2 /* Notification Names.swift */ = {isa = PBXFileReference; lastKnownFileType = sourcecode.swift; path = "Notification Names.swift"; sourceTree = "<group>"; };
		24F24F4725F0AF4C003C1D04 /* GeneratorJSON.app */ = {isa = PBXFileReference; explicitFileType = wrapper.application; includeInIndex = 0; path = GeneratorJSON.app; sourceTree = BUILT_PRODUCTS_DIR; };
		24F24F4A25F0AF4C003C1D04 /* GeneratorJSONApp.swift */ = {isa = PBXFileReference; lastKnownFileType = sourcecode.swift; path = GeneratorJSONApp.swift; sourceTree = "<group>"; };
		24F24F4E25F0AF4E003C1D04 /* Assets.xcassets */ = {isa = PBXFileReference; lastKnownFileType = folder.assetcatalog; path = Assets.xcassets; sourceTree = "<group>"; };
		24F24F5125F0AF4E003C1D04 /* Preview Assets.xcassets */ = {isa = PBXFileReference; lastKnownFileType = folder.assetcatalog; path = "Preview Assets.xcassets"; sourceTree = "<group>"; };
		24F24F5325F0AF4E003C1D04 /* Info.plist */ = {isa = PBXFileReference; lastKnownFileType = text.plist.xml; path = Info.plist; sourceTree = "<group>"; };
		24F24F5425F0AF4E003C1D04 /* GeneratorJSON.entitlements */ = {isa = PBXFileReference; lastKnownFileType = text.plist.entitlements; path = GeneratorJSON.entitlements; sourceTree = "<group>"; };
		24F9D0ED268848AC00F9E217 /* ReviewExerciseView.swift */ = {isa = PBXFileReference; lastKnownFileType = sourcecode.swift; path = ReviewExerciseView.swift; sourceTree = "<group>"; };
		24F9D0EF26889F2200F9E217 /* DetailExerciseView.swift */ = {isa = PBXFileReference; lastKnownFileType = sourcecode.swift; path = DetailExerciseView.swift; sourceTree = "<group>"; };
		24F9D0F12688BE5F00F9E217 /* MyExerciseViewModel.swift */ = {isa = PBXFileReference; lastKnownFileType = sourcecode.swift; path = MyExerciseViewModel.swift; sourceTree = "<group>"; };
		24F9D0F42689F1E700F9E217 /* MyWorkoutsViewModel.swift */ = {isa = PBXFileReference; lastKnownFileType = sourcecode.swift; path = MyWorkoutsViewModel.swift; sourceTree = "<group>"; };
		24F9D0F62689F32B00F9E217 /* ReviewWorkoutView.swift */ = {isa = PBXFileReference; lastKnownFileType = sourcecode.swift; path = ReviewWorkoutView.swift; sourceTree = "<group>"; };
		24F9D0F82689F3E700F9E217 /* DetailWorkoutView.swift */ = {isa = PBXFileReference; lastKnownFileType = sourcecode.swift; path = DetailWorkoutView.swift; sourceTree = "<group>"; };
		24F9D0FA2689F40C00F9E217 /* MyWorkoutViewModel.swift */ = {isa = PBXFileReference; lastKnownFileType = sourcecode.swift; path = MyWorkoutViewModel.swift; sourceTree = "<group>"; };
		24F9D0FE268A462400F9E217 /* DetailWorkoutCircleView.swift */ = {isa = PBXFileReference; lastKnownFileType = sourcecode.swift; path = DetailWorkoutCircleView.swift; sourceTree = "<group>"; };
		24F9D100268AFA6600F9E217 /* AddExerciseCatalogView.swift */ = {isa = PBXFileReference; lastKnownFileType = sourcecode.swift; path = AddExerciseCatalogView.swift; sourceTree = "<group>"; };
		24F9D110268B8A5F00F9E217 /* ShortExerciseView.swift */ = {isa = PBXFileReference; lastKnownFileType = sourcecode.swift; path = ShortExerciseView.swift; sourceTree = "<group>"; };
		24F9D113268B99BF00F9E217 /* AddExerciseCatalogViewModel.swift */ = {isa = PBXFileReference; fileEncoding = 4; lastKnownFileType = sourcecode.swift; name = AddExerciseCatalogViewModel.swift; path = GeneratorJSON/ViewModels/Workout/AddExercise/AddExerciseCatalogViewModel.swift; sourceTree = SOURCE_ROOT; };
		24F9D115268C3D3900F9E217 /* IntervalExercisePropertyView.swift */ = {isa = PBXFileReference; lastKnownFileType = sourcecode.swift; path = IntervalExercisePropertyView.swift; sourceTree = "<group>"; };
		24F9D117268C558E00F9E217 /* ExercisePropertyViewModel.swift */ = {isa = PBXFileReference; lastKnownFileType = sourcecode.swift; path = ExercisePropertyViewModel.swift; sourceTree = "<group>"; };
		24F9D119268C72D400F9E217 /* StrenghtExercisePropertyView.swift */ = {isa = PBXFileReference; lastKnownFileType = sourcecode.swift; path = StrenghtExercisePropertyView.swift; sourceTree = "<group>"; };
		24F9D11C268C930E00F9E217 /* MySeriesViewModel.swift */ = {isa = PBXFileReference; lastKnownFileType = sourcecode.swift; path = MySeriesViewModel.swift; sourceTree = "<group>"; };
		24F9D11E268C946700F9E217 /* DetailSeriaView.swift */ = {isa = PBXFileReference; lastKnownFileType = sourcecode.swift; path = DetailSeriaView.swift; sourceTree = "<group>"; };
		24F9D120268C947700F9E217 /* ReviewSeriaVeiw.swift */ = {isa = PBXFileReference; lastKnownFileType = sourcecode.swift; path = ReviewSeriaVeiw.swift; sourceTree = "<group>"; };
		24F9D122268C98AF00F9E217 /* MySeriaViewModel.swift */ = {isa = PBXFileReference; lastKnownFileType = sourcecode.swift; path = MySeriaViewModel.swift; sourceTree = "<group>"; };
		24F9D126268CB6BC00F9E217 /* AddWorkoutViewModel.swift */ = {isa = PBXFileReference; lastKnownFileType = sourcecode.swift; path = AddWorkoutViewModel.swift; sourceTree = "<group>"; };
		24F9D12A268CB73B00F9E217 /* AddWorkoutCatalogView.swift */ = {isa = PBXFileReference; lastKnownFileType = sourcecode.swift; path = AddWorkoutCatalogView.swift; sourceTree = "<group>"; };
/* End PBXFileReference section */

/* Begin PBXFrameworksBuildPhase section */
		24F24F4425F0AF4C003C1D04 /* Frameworks */ = {
			isa = PBXFrameworksBuildPhase;
			buildActionMask = 2147483647;
			files = (
				24F24F6625F0B5B6003C1D04 /* SwiftyJSON in Frameworks */,
			);
			runOnlyForDeploymentPostprocessing = 0;
		};
/* End PBXFrameworksBuildPhase section */

/* Begin PBXGroup section */
		2411748925F142E2001EE7CB /* Extensions */ = {
			isa = PBXGroup;
			children = (
				24171D3D260A68AD003852E0 /* Int.swift */,
				2411748E25F14886001EE7CB /* NSImage+ext.swift */,
				2411749125F152B4001EE7CB /* URL+ext.swift */,
				24171D4C260B2478003852E0 /* NSTextField.swift */,
				24AFB45A2615993D006D67F2 /* Notification Names.swift */,
			);
			path = Extensions;
			sourceTree = "<group>";
		};
		24171CE8260A1AFC003852E0 /* Models */ = {
			isa = PBXGroup;
			children = (
				24171CF8260A2248003852E0 /* protocol */,
				24171CF1260A1D81003852E0 /* enums */,
				24171D04260A2727003852E0 /* Workouts */,
				24171D00260A269E003852E0 /* Exercises */,
			);
			path = Models;
			sourceTree = "<group>";
		};
		24171CF1260A1D81003852E0 /* enums */ = {
			isa = PBXGroup;
			children = (
				24171CF2260A1DAB003852E0 /* WorkType.swift */,
				24204A202685DF7500927D4B /* CircleType.swift */,
				24171CF5260A1E0D003852E0 /* LevelType.swift */,
				24171D09260A2842003852E0 /* SexType.swift */,
				24171D0C260A288B003852E0 /* TargetType.swift */,
				24171D0F260A49A7003852E0 /* EquipmentType.swift */,
				24171D4F260B8680003852E0 /* MusculeType.swift */,
			);
			path = enums;
			sourceTree = "<group>";
		};
		24171CF8260A2248003852E0 /* protocol */ = {
			isa = PBXGroup;
			children = (
				24171CEE260A1CC3003852E0 /* Exercise.swift */,
				24171D34260A62AB003852E0 /* CoreDatable.swift */,
			);
			path = protocol;
			sourceTree = "<group>";
		};
		24171D00260A269E003852E0 /* Exercises */ = {
			isa = PBXGroup;
			children = (
				24171D7C2611E26F003852E0 /* BasicExercise.swift */,
				24171CFD260A2330003852E0 /* IntervalExercise.swift */,
				24171CF9260A225A003852E0 /* StrenghtExercise.swift */,
				24171D792611C5FF003852E0 /* ExerciseSet.swift */,
			);
			path = Exercises;
			sourceTree = "<group>";
		};
		24171D04260A2727003852E0 /* Workouts */ = {
			isa = PBXGroup;
			children = (
				24171D12260A4A30003852E0 /* WorkoutSeria.swift */,
				24171D05260A2746003852E0 /* Workout.swift */,
				24171D5B260C7FB1003852E0 /* Circle.swift */,
			);
			path = Workouts;
			sourceTree = "<group>";
		};
		24171D22260A4F9A003852E0 /* Additional */ = {
			isa = PBXGroup;
			children = (
				24171D23260A4FAE003852E0 /* BlurWindow.swift */,
				24171D48260B1AB4003852E0 /* AddImageButton.swift */,
				24171D762610EF96003852E0 /* MultiCaseChooseView.swift */,
				24F9D110268B8A5F00F9E217 /* ShortExerciseView.swift */,
			);
			path = Additional;
			sourceTree = "<group>";
		};
		24171D30260A6289003852E0 /* Controllers */ = {
			isa = PBXGroup;
			children = (
				24171D31260A6292003852E0 /* CoreData.swift */,
			);
			path = Controllers;
			sourceTree = "<group>";
		};
		243A3C66268650520001C381 /* Views */ = {
			isa = PBXGroup;
			children = (
				243A3C682686524C0001C381 /* MyHome.swift */,
				243A3C6A268652640001C381 /* MyTabButton.swift */,
				243A3C75268672550001C381 /* Series */,
				243A3C74268672500001C381 /* Workout */,
				243A3C73268672480001C381 /* Exercise */,
				24171D22260A4F9A003852E0 /* Additional */,
			);
			path = Views;
			sourceTree = "<group>";
		};
		243A3C672686505A0001C381 /* ViewModels */ = {
			isa = PBXGroup;
			children = (
				243A3C6C268653C10001C381 /* MyHomeViewModel.swift */,
				243A3C6E268662390001C381 /* Exercises */,
				24F9D0F32689F1D300F9E217 /* Workout */,
				24F9D11B268C92F400F9E217 /* Series */,
			);
			path = ViewModels;
			sourceTree = "<group>";
		};
		243A3C6E268662390001C381 /* Exercises */ = {
			isa = PBXGroup;
			children = (
				243A3C71268662530001C381 /* MyExercisesViewModel.swift */,
				24F9D0F12688BE5F00F9E217 /* MyExerciseViewModel.swift */,
			);
			path = Exercises;
			sourceTree = "<group>";
		};
		243A3C73268672480001C381 /* Exercise */ = {
			isa = PBXGroup;
			children = (
				243A3C7A268672750001C381 /* ExercisesView.swift */,
				24F9D0ED268848AC00F9E217 /* ReviewExerciseView.swift */,
				24F9D0EF26889F2200F9E217 /* DetailExerciseView.swift */,
			);
			path = Exercise;
			sourceTree = "<group>";
		};
		243A3C74268672500001C381 /* Workout */ = {
			isa = PBXGroup;
			children = (
				243A3C782686726D0001C381 /* WorkoutsView.swift */,
				24F9D0F62689F32B00F9E217 /* ReviewWorkoutView.swift */,
				24F9D0F82689F3E700F9E217 /* DetailWorkoutView.swift */,
				24F9D0FE268A462400F9E217 /* DetailWorkoutCircleView.swift */,
				24F9D104268B28EC00F9E217 /* AddExercise */,
			);
			path = Workout;
			sourceTree = "<group>";
		};
		243A3C75268672550001C381 /* Series */ = {
			isa = PBXGroup;
			children = (
				243A3C76268672620001C381 /* SeriesView.swift */,
				24F9D120268C947700F9E217 /* ReviewSeriaVeiw.swift */,
				24F9D11E268C946700F9E217 /* DetailSeriaView.swift */,
				24F9D124268CB68000F9E217 /* Add Workout */,
			);
			path = Series;
			sourceTree = "<group>";
		};
		24F24F3E25F0AF4C003C1D04 = {
			isa = PBXGroup;
			children = (
				24F24F4925F0AF4C003C1D04 /* GeneratorJSON */,
				24F24F4825F0AF4C003C1D04 /* Products */,
			);
			sourceTree = "<group>";
		};
		24F24F4825F0AF4C003C1D04 /* Products */ = {
			isa = PBXGroup;
			children = (
				24F24F4725F0AF4C003C1D04 /* GeneratorJSON.app */,
			);
			name = Products;
			sourceTree = "<group>";
		};
		24F24F4925F0AF4C003C1D04 /* GeneratorJSON */ = {
			isa = PBXGroup;
			children = (
				24171CE8260A1AFC003852E0 /* Models */,
				243A3C672686505A0001C381 /* ViewModels */,
				243A3C66268650520001C381 /* Views */,
				24171D30260A6289003852E0 /* Controllers */,
				2411748925F142E2001EE7CB /* Extensions */,
				24F24F4A25F0AF4C003C1D04 /* GeneratorJSONApp.swift */,
				24F24F4E25F0AF4E003C1D04 /* Assets.xcassets */,
				24F24F5325F0AF4E003C1D04 /* Info.plist */,
				24F24F5425F0AF4E003C1D04 /* GeneratorJSON.entitlements */,
				24171D37260A644F003852E0 /* fitnessAppGenerator.xcdatamodeld */,
				24F24F5025F0AF4E003C1D04 /* Preview Content */,
			);
			path = GeneratorJSON;
			sourceTree = "<group>";
		};
		24F24F5025F0AF4E003C1D04 /* Preview Content */ = {
			isa = PBXGroup;
			children = (
				24F24F5125F0AF4E003C1D04 /* Preview Assets.xcassets */,
			);
			path = "Preview Content";
			sourceTree = "<group>";
		};
		24F9D0F32689F1D300F9E217 /* Workout */ = {
			isa = PBXGroup;
			children = (
				24F9D0F42689F1E700F9E217 /* MyWorkoutsViewModel.swift */,
				24F9D0FA2689F40C00F9E217 /* MyWorkoutViewModel.swift */,
				24F9D112268B99A300F9E217 /* New Group */,
			);
			path = Workout;
			sourceTree = "<group>";
		};
		24F9D104268B28EC00F9E217 /* AddExercise */ = {
			isa = PBXGroup;
			children = (
				24F9D100268AFA6600F9E217 /* AddExerciseCatalogView.swift */,
				24F9D115268C3D3900F9E217 /* IntervalExercisePropertyView.swift */,
				24F9D119268C72D400F9E217 /* StrenghtExercisePropertyView.swift */,
			);
			path = AddExercise;
			sourceTree = "<group>";
		};
		24F9D112268B99A300F9E217 /* New Group */ = {
			isa = PBXGroup;
			children = (
				24F9D113268B99BF00F9E217 /* AddExerciseCatalogViewModel.swift */,
				24F9D117268C558E00F9E217 /* ExercisePropertyViewModel.swift */,
			);
			path = "New Group";
			sourceTree = "<group>";
		};
		24F9D11B268C92F400F9E217 /* Series */ = {
			isa = PBXGroup;
			children = (
				24F9D11C268C930E00F9E217 /* MySeriesViewModel.swift */,
				24F9D122268C98AF00F9E217 /* MySeriaViewModel.swift */,
				24F9D125268CB69200F9E217 /* Add workout */,
			);
			path = Series;
			sourceTree = "<group>";
		};
		24F9D124268CB68000F9E217 /* Add Workout */ = {
			isa = PBXGroup;
			children = (
				24F9D12A268CB73B00F9E217 /* AddWorkoutCatalogView.swift */,
			);
			path = "Add Workout";
			sourceTree = "<group>";
		};
		24F9D125268CB69200F9E217 /* Add workout */ = {
			isa = PBXGroup;
			children = (
				24F9D126268CB6BC00F9E217 /* AddWorkoutViewModel.swift */,
			);
			path = "Add workout";
			sourceTree = "<group>";
		};
/* End PBXGroup section */

/* Begin PBXNativeTarget section */
		24F24F4625F0AF4C003C1D04 /* GeneratorJSON */ = {
			isa = PBXNativeTarget;
			buildConfigurationList = 24F24F5725F0AF4E003C1D04 /* Build configuration list for PBXNativeTarget "GeneratorJSON" */;
			buildPhases = (
				24F24F4325F0AF4C003C1D04 /* Sources */,
				24F24F4425F0AF4C003C1D04 /* Frameworks */,
				24F24F4525F0AF4C003C1D04 /* Resources */,
			);
			buildRules = (
			);
			dependencies = (
			);
			name = GeneratorJSON;
			packageProductDependencies = (
				24F24F6525F0B5B6003C1D04 /* SwiftyJSON */,
			);
			productName = GeneratorJSON;
			productReference = 24F24F4725F0AF4C003C1D04 /* GeneratorJSON.app */;
			productType = "com.apple.product-type.application";
		};
/* End PBXNativeTarget section */

/* Begin PBXProject section */
		24F24F3F25F0AF4C003C1D04 /* Project object */ = {
			isa = PBXProject;
			attributes = {
				LastSwiftUpdateCheck = 1240;
				LastUpgradeCheck = 1240;
				TargetAttributes = {
					24F24F4625F0AF4C003C1D04 = {
						CreatedOnToolsVersion = 12.4;
					};
				};
			};
			buildConfigurationList = 24F24F4225F0AF4C003C1D04 /* Build configuration list for PBXProject "GeneratorJSON" */;
			compatibilityVersion = "Xcode 9.3";
			developmentRegion = en;
			hasScannedForEncodings = 0;
			knownRegions = (
				en,
				Base,
			);
			mainGroup = 24F24F3E25F0AF4C003C1D04;
			packageReferences = (
				24F24F6425F0B5B6003C1D04 /* XCRemoteSwiftPackageReference "SwiftyJSON" */,
			);
			productRefGroup = 24F24F4825F0AF4C003C1D04 /* Products */;
			projectDirPath = "";
			projectRoot = "";
			targets = (
				24F24F4625F0AF4C003C1D04 /* GeneratorJSON */,
			);
		};
/* End PBXProject section */

/* Begin PBXResourcesBuildPhase section */
		24F24F4525F0AF4C003C1D04 /* Resources */ = {
			isa = PBXResourcesBuildPhase;
			buildActionMask = 2147483647;
			files = (
				24F24F5225F0AF4E003C1D04 /* Preview Assets.xcassets in Resources */,
				24F24F4F25F0AF4E003C1D04 /* Assets.xcassets in Resources */,
			);
			runOnlyForDeploymentPostprocessing = 0;
		};
/* End PBXResourcesBuildPhase section */

/* Begin PBXSourcesBuildPhase section */
		24F24F4325F0AF4C003C1D04 /* Sources */ = {
			isa = PBXSourcesBuildPhase;
			buildActionMask = 2147483647;
			files = (
				243A3C692686524C0001C381 /* MyHome.swift in Sources */,
				24F9D0F026889F2200F9E217 /* DetailExerciseView.swift in Sources */,
				24F9D0FB2689F40C00F9E217 /* MyWorkoutViewModel.swift in Sources */,
				24171D5C260C7FB1003852E0 /* Circle.swift in Sources */,
				24F9D127268CB6BC00F9E217 /* AddWorkoutViewModel.swift in Sources */,
				24F9D11A268C72D400F9E217 /* StrenghtExercisePropertyView.swift in Sources */,
				24F9D0F92689F3E700F9E217 /* DetailWorkoutView.swift in Sources */,
				24F9D116268C3D3900F9E217 /* IntervalExercisePropertyView.swift in Sources */,
				24F9D12B268CB73B00F9E217 /* AddWorkoutCatalogView.swift in Sources */,
				24F9D0FF268A462400F9E217 /* DetailWorkoutCircleView.swift in Sources */,
				24171D39260A644F003852E0 /* fitnessAppGenerator.xcdatamodeld in Sources */,
				24F9D0F72689F32B00F9E217 /* ReviewWorkoutView.swift in Sources */,
				24171D7D2611E26F003852E0 /* BasicExercise.swift in Sources */,
				243A3C7B268672750001C381 /* ExercisesView.swift in Sources */,
				24171D13260A4A30003852E0 /* WorkoutSeria.swift in Sources */,
				243A3C792686726D0001C381 /* WorkoutsView.swift in Sources */,
				243A3C6B268652640001C381 /* MyTabButton.swift in Sources */,
				24171D4D260B2478003852E0 /* NSTextField.swift in Sources */,
				24171D3E260A68AD003852E0 /* Int.swift in Sources */,
				24F9D0EE268848AC00F9E217 /* ReviewExerciseView.swift in Sources */,
				24171D32260A6292003852E0 /* CoreData.swift in Sources */,
				24F24F4B25F0AF4C003C1D04 /* GeneratorJSONApp.swift in Sources */,
				24F9D101268AFA6600F9E217 /* AddExerciseCatalogView.swift in Sources */,
				243A3C6D268653C10001C381 /* MyHomeViewModel.swift in Sources */,
				24F9D11F268C946700F9E217 /* DetailSeriaView.swift in Sources */,
				24F9D114268B99BF00F9E217 /* AddExerciseCatalogViewModel.swift in Sources */,
				24171D0D260A288B003852E0 /* TargetType.swift in Sources */,
				24171D7A2611C5FF003852E0 /* ExerciseSet.swift in Sources */,
				24F9D0F22688BE5F00F9E217 /* MyExerciseViewModel.swift in Sources */,
				24F9D123268C98AF00F9E217 /* MySeriaViewModel.swift in Sources */,
				24F9D0F52689F1E700F9E217 /* MyWorkoutsViewModel.swift in Sources */,
				24171D0A260A2842003852E0 /* SexType.swift in Sources */,
				24171D50260B8680003852E0 /* MusculeType.swift in Sources */,
				24171D49260B1AB4003852E0 /* AddImageButton.swift in Sources */,
				24171CF3260A1DAB003852E0 /* WorkType.swift in Sources */,
				24F9D118268C558E00F9E217 /* ExercisePropertyViewModel.swift in Sources */,
				243A3C77268672620001C381 /* SeriesView.swift in Sources */,
				24171D24260A4FAE003852E0 /* BlurWindow.swift in Sources */,
				24AFB45B2615993D006D67F2 /* Notification Names.swift in Sources */,
				24171D35260A62AB003852E0 /* CoreDatable.swift in Sources */,
				24171D772610EF96003852E0 /* MultiCaseChooseView.swift in Sources */,
				24F9D11D268C930E00F9E217 /* MySeriesViewModel.swift in Sources */,
				24171D10260A49A7003852E0 /* EquipmentType.swift in Sources */,
				24171CFA260A225A003852E0 /* StrenghtExercise.swift in Sources */,
				24171CEF260A1CC3003852E0 /* Exercise.swift in Sources */,
				24F9D121268C947700F9E217 /* ReviewSeriaVeiw.swift in Sources */,
				243A3C72268662530001C381 /* MyExercisesViewModel.swift in Sources */,
				24171CF6260A1E0D003852E0 /* LevelType.swift in Sources */,
				24F9D111268B8A5F00F9E217 /* ShortExerciseView.swift in Sources */,
				2411748F25F14886001EE7CB /* NSImage+ext.swift in Sources */,
				2411749225F152B4001EE7CB /* URL+ext.swift in Sources */,
				24171D06260A2746003852E0 /* Workout.swift in Sources */,
				24204A212685DF7500927D4B /* CircleType.swift in Sources */,
				24171CFE260A2330003852E0 /* IntervalExercise.swift in Sources */,
			);
			runOnlyForDeploymentPostprocessing = 0;
		};
/* End PBXSourcesBuildPhase section */

/* Begin XCBuildConfiguration section */
		24F24F5525F0AF4E003C1D04 /* Debug */ = {
			isa = XCBuildConfiguration;
			buildSettings = {
				ALWAYS_SEARCH_USER_PATHS = NO;
				CLANG_ANALYZER_NONNULL = YES;
				CLANG_ANALYZER_NUMBER_OBJECT_CONVERSION = YES_AGGRESSIVE;
				CLANG_CXX_LANGUAGE_STANDARD = "gnu++14";
				CLANG_CXX_LIBRARY = "libc++";
				CLANG_ENABLE_MODULES = YES;
				CLANG_ENABLE_OBJC_ARC = YES;
				CLANG_ENABLE_OBJC_WEAK = YES;
				CLANG_WARN_BLOCK_CAPTURE_AUTORELEASING = YES;
				CLANG_WARN_BOOL_CONVERSION = YES;
				CLANG_WARN_COMMA = YES;
				CLANG_WARN_CONSTANT_CONVERSION = YES;
				CLANG_WARN_DEPRECATED_OBJC_IMPLEMENTATIONS = YES;
				CLANG_WARN_DIRECT_OBJC_ISA_USAGE = YES_ERROR;
				CLANG_WARN_DOCUMENTATION_COMMENTS = YES;
				CLANG_WARN_EMPTY_BODY = YES;
				CLANG_WARN_ENUM_CONVERSION = YES;
				CLANG_WARN_INFINITE_RECURSION = YES;
				CLANG_WARN_INT_CONVERSION = YES;
				CLANG_WARN_NON_LITERAL_NULL_CONVERSION = YES;
				CLANG_WARN_OBJC_IMPLICIT_RETAIN_SELF = YES;
				CLANG_WARN_OBJC_LITERAL_CONVERSION = YES;
				CLANG_WARN_OBJC_ROOT_CLASS = YES_ERROR;
				CLANG_WARN_QUOTED_INCLUDE_IN_FRAMEWORK_HEADER = YES;
				CLANG_WARN_RANGE_LOOP_ANALYSIS = YES;
				CLANG_WARN_STRICT_PROTOTYPES = YES;
				CLANG_WARN_SUSPICIOUS_MOVE = YES;
				CLANG_WARN_UNGUARDED_AVAILABILITY = YES_AGGRESSIVE;
				CLANG_WARN_UNREACHABLE_CODE = YES;
				CLANG_WARN__DUPLICATE_METHOD_MATCH = YES;
				COPY_PHASE_STRIP = NO;
				DEBUG_INFORMATION_FORMAT = dwarf;
				ENABLE_STRICT_OBJC_MSGSEND = YES;
				ENABLE_TESTABILITY = YES;
				GCC_C_LANGUAGE_STANDARD = gnu11;
				GCC_DYNAMIC_NO_PIC = NO;
				GCC_NO_COMMON_BLOCKS = YES;
				GCC_OPTIMIZATION_LEVEL = 0;
				GCC_PREPROCESSOR_DEFINITIONS = (
					"DEBUG=1",
					"$(inherited)",
				);
				GCC_WARN_64_TO_32_BIT_CONVERSION = YES;
				GCC_WARN_ABOUT_RETURN_TYPE = YES_ERROR;
				GCC_WARN_UNDECLARED_SELECTOR = YES;
				GCC_WARN_UNINITIALIZED_AUTOS = YES_AGGRESSIVE;
				GCC_WARN_UNUSED_FUNCTION = YES;
				GCC_WARN_UNUSED_VARIABLE = YES;
				MACOSX_DEPLOYMENT_TARGET = 11.1;
				MTL_ENABLE_DEBUG_INFO = INCLUDE_SOURCE;
				MTL_FAST_MATH = YES;
				ONLY_ACTIVE_ARCH = YES;
				SDKROOT = macosx;
				SWIFT_ACTIVE_COMPILATION_CONDITIONS = DEBUG;
				SWIFT_OPTIMIZATION_LEVEL = "-Onone";
			};
			name = Debug;
		};
		24F24F5625F0AF4E003C1D04 /* Release */ = {
			isa = XCBuildConfiguration;
			buildSettings = {
				ALWAYS_SEARCH_USER_PATHS = NO;
				CLANG_ANALYZER_NONNULL = YES;
				CLANG_ANALYZER_NUMBER_OBJECT_CONVERSION = YES_AGGRESSIVE;
				CLANG_CXX_LANGUAGE_STANDARD = "gnu++14";
				CLANG_CXX_LIBRARY = "libc++";
				CLANG_ENABLE_MODULES = YES;
				CLANG_ENABLE_OBJC_ARC = YES;
				CLANG_ENABLE_OBJC_WEAK = YES;
				CLANG_WARN_BLOCK_CAPTURE_AUTORELEASING = YES;
				CLANG_WARN_BOOL_CONVERSION = YES;
				CLANG_WARN_COMMA = YES;
				CLANG_WARN_CONSTANT_CONVERSION = YES;
				CLANG_WARN_DEPRECATED_OBJC_IMPLEMENTATIONS = YES;
				CLANG_WARN_DIRECT_OBJC_ISA_USAGE = YES_ERROR;
				CLANG_WARN_DOCUMENTATION_COMMENTS = YES;
				CLANG_WARN_EMPTY_BODY = YES;
				CLANG_WARN_ENUM_CONVERSION = YES;
				CLANG_WARN_INFINITE_RECURSION = YES;
				CLANG_WARN_INT_CONVERSION = YES;
				CLANG_WARN_NON_LITERAL_NULL_CONVERSION = YES;
				CLANG_WARN_OBJC_IMPLICIT_RETAIN_SELF = YES;
				CLANG_WARN_OBJC_LITERAL_CONVERSION = YES;
				CLANG_WARN_OBJC_ROOT_CLASS = YES_ERROR;
				CLANG_WARN_QUOTED_INCLUDE_IN_FRAMEWORK_HEADER = YES;
				CLANG_WARN_RANGE_LOOP_ANALYSIS = YES;
				CLANG_WARN_STRICT_PROTOTYPES = YES;
				CLANG_WARN_SUSPICIOUS_MOVE = YES;
				CLANG_WARN_UNGUARDED_AVAILABILITY = YES_AGGRESSIVE;
				CLANG_WARN_UNREACHABLE_CODE = YES;
				CLANG_WARN__DUPLICATE_METHOD_MATCH = YES;
				COPY_PHASE_STRIP = NO;
				DEBUG_INFORMATION_FORMAT = "dwarf-with-dsym";
				ENABLE_NS_ASSERTIONS = NO;
				ENABLE_STRICT_OBJC_MSGSEND = YES;
				GCC_C_LANGUAGE_STANDARD = gnu11;
				GCC_NO_COMMON_BLOCKS = YES;
				GCC_WARN_64_TO_32_BIT_CONVERSION = YES;
				GCC_WARN_ABOUT_RETURN_TYPE = YES_ERROR;
				GCC_WARN_UNDECLARED_SELECTOR = YES;
				GCC_WARN_UNINITIALIZED_AUTOS = YES_AGGRESSIVE;
				GCC_WARN_UNUSED_FUNCTION = YES;
				GCC_WARN_UNUSED_VARIABLE = YES;
				MACOSX_DEPLOYMENT_TARGET = 11.1;
				MTL_ENABLE_DEBUG_INFO = NO;
				MTL_FAST_MATH = YES;
				SDKROOT = macosx;
				SWIFT_COMPILATION_MODE = wholemodule;
				SWIFT_OPTIMIZATION_LEVEL = "-O";
			};
			name = Release;
		};
		24F24F5825F0AF4E003C1D04 /* Debug */ = {
			isa = XCBuildConfiguration;
			buildSettings = {
				ASSETCATALOG_COMPILER_APPICON_NAME = AppIcon;
				ASSETCATALOG_COMPILER_GLOBAL_ACCENT_COLOR_NAME = AccentColor;
				CODE_SIGN_ENTITLEMENTS = GeneratorJSON/GeneratorJSON.entitlements;
				CODE_SIGN_STYLE = Automatic;
				COMBINE_HIDPI_IMAGES = YES;
				DEVELOPMENT_ASSET_PATHS = "\"GeneratorJSON/Preview Content\"";
				DEVELOPMENT_TEAM = 4P2D9F3M8A;
				ENABLE_HARDENED_RUNTIME = YES;
				ENABLE_PREVIEWS = YES;
				INFOPLIST_FILE = GeneratorJSON/Info.plist;
				LD_RUNPATH_SEARCH_PATHS = (
					"$(inherited)",
					"@executable_path/../Frameworks",
				);
				MACOSX_DEPLOYMENT_TARGET = 11.0;
				PRODUCT_BUNDLE_IDENTIFIER = gazizov.GeneratorJSON;
				PRODUCT_NAME = "$(TARGET_NAME)";
				SWIFT_VERSION = 5.0;
			};
			name = Debug;
		};
		24F24F5925F0AF4E003C1D04 /* Release */ = {
			isa = XCBuildConfiguration;
			buildSettings = {
				ASSETCATALOG_COMPILER_APPICON_NAME = AppIcon;
				ASSETCATALOG_COMPILER_GLOBAL_ACCENT_COLOR_NAME = AccentColor;
				CODE_SIGN_ENTITLEMENTS = GeneratorJSON/GeneratorJSON.entitlements;
				CODE_SIGN_STYLE = Automatic;
				COMBINE_HIDPI_IMAGES = YES;
				DEVELOPMENT_ASSET_PATHS = "\"GeneratorJSON/Preview Content\"";
				DEVELOPMENT_TEAM = 4P2D9F3M8A;
				ENABLE_HARDENED_RUNTIME = YES;
				ENABLE_PREVIEWS = YES;
				INFOPLIST_FILE = GeneratorJSON/Info.plist;
				LD_RUNPATH_SEARCH_PATHS = (
					"$(inherited)",
					"@executable_path/../Frameworks",
				);
				MACOSX_DEPLOYMENT_TARGET = 11.0;
				PRODUCT_BUNDLE_IDENTIFIER = gazizov.GeneratorJSON;
				PRODUCT_NAME = "$(TARGET_NAME)";
				SWIFT_VERSION = 5.0;
			};
			name = Release;
		};
/* End XCBuildConfiguration section */

/* Begin XCConfigurationList section */
		24F24F4225F0AF4C003C1D04 /* Build configuration list for PBXProject "GeneratorJSON" */ = {
			isa = XCConfigurationList;
			buildConfigurations = (
				24F24F5525F0AF4E003C1D04 /* Debug */,
				24F24F5625F0AF4E003C1D04 /* Release */,
			);
			defaultConfigurationIsVisible = 0;
			defaultConfigurationName = Release;
		};
		24F24F5725F0AF4E003C1D04 /* Build configuration list for PBXNativeTarget "GeneratorJSON" */ = {
			isa = XCConfigurationList;
			buildConfigurations = (
				24F24F5825F0AF4E003C1D04 /* Debug */,
				24F24F5925F0AF4E003C1D04 /* Release */,
			);
			defaultConfigurationIsVisible = 0;
			defaultConfigurationName = Release;
		};
/* End XCConfigurationList section */

/* Begin XCRemoteSwiftPackageReference section */
		24F24F6425F0B5B6003C1D04 /* XCRemoteSwiftPackageReference "SwiftyJSON" */ = {
			isa = XCRemoteSwiftPackageReference;
			repositoryURL = "https://github.com/SwiftyJSON/SwiftyJSON.git";
			requirement = {
				kind = upToNextMajorVersion;
				minimumVersion = 5.0.0;
			};
		};
/* End XCRemoteSwiftPackageReference section */

/* Begin XCSwiftPackageProductDependency section */
		24F24F6525F0B5B6003C1D04 /* SwiftyJSON */ = {
			isa = XCSwiftPackageProductDependency;
			package = 24F24F6425F0B5B6003C1D04 /* XCRemoteSwiftPackageReference "SwiftyJSON" */;
			productName = SwiftyJSON;
		};
/* End XCSwiftPackageProductDependency section */

/* Begin XCVersionGroup section */
		24171D37260A644F003852E0 /* fitnessAppGenerator.xcdatamodeld */ = {
			isa = XCVersionGroup;
			children = (
				24171D38260A644F003852E0 /* fitnessAppGenerator.xcdatamodel */,
			);
			currentVersion = 24171D38260A644F003852E0 /* fitnessAppGenerator.xcdatamodel */;
			path = fitnessAppGenerator.xcdatamodeld;
			sourceTree = "<group>";
			versionGroupType = wrapper.xcdatamodel;
		};
/* End XCVersionGroup section */
	};
	rootObject = 24F24F3F25F0AF4C003C1D04 /* Project object */;
}
