// !$*UTF8*$!
{
	archiveVersion = 1;
	classes = {
	};
	objectVersion = 52;
	objects = {

/* Begin PBXBuildFile section */
		240D011827A45EB4003270E2 /* JSONble.swift in Sources */ = {isa = PBXBuildFile; fileRef = 240D011727A45EB4003270E2 /* JSONble.swift */; };
		240D011A27A45F56003270E2 /* JSONManager.swift in Sources */ = {isa = PBXBuildFile; fileRef = 240D011927A45F56003270E2 /* JSONManager.swift */; };
		240D011D27A471C3003270E2 /* JSONType.swift in Sources */ = {isa = PBXBuildFile; fileRef = 240D011C27A471C3003270E2 /* JSONType.swift */; };
		2411748F25F14886001EE7CB /* NSImage+ext.swift in Sources */ = {isa = PBXBuildFile; fileRef = 2411748E25F14886001EE7CB /* NSImage+ext.swift */; };
		2411749225F152B4001EE7CB /* URL+ext.swift in Sources */ = {isa = PBXBuildFile; fileRef = 2411749125F152B4001EE7CB /* URL+ext.swift */; };
		24171CEF260A1CC3003852E0 /* Exercise.swift in Sources */ = {isa = PBXBuildFile; fileRef = 24171CEE260A1CC3003852E0 /* Exercise.swift */; };
		24171CF3260A1DAB003852E0 /* WorkType.swift in Sources */ = {isa = PBXBuildFile; fileRef = 24171CF2260A1DAB003852E0 /* WorkType.swift */; };
		24171CF6260A1E0D003852E0 /* LevelType.swift in Sources */ = {isa = PBXBuildFile; fileRef = 24171CF5260A1E0D003852E0 /* LevelType.swift */; };
		24171CFA260A225A003852E0 /* StrenghtExercise.swift in Sources */ = {isa = PBXBuildFile; fileRef = 24171CF9260A225A003852E0 /* StrenghtExercise.swift */; };
		24171CFE260A2330003852E0 /* IntervalExercise.swift in Sources */ = {isa = PBXBuildFile; fileRef = 24171CFD260A2330003852E0 /* IntervalExercise.swift */; };
		24171D06260A2746003852E0 /* Workout.swift in Sources */ = {isa = PBXBuildFile; fileRef = 24171D05260A2746003852E0 /* Workout.swift */; };
		24171D0A260A2842003852E0 /* SexType.swift in Sources */ = {isa = PBXBuildFile; fileRef = 24171D09260A2842003852E0 /* SexType.swift */; };
		24171D0D260A288B003852E0 /* TargetType.swift in Sources */ = {isa = PBXBuildFile; fileRef = 24171D0C260A288B003852E0 /* TargetType.swift */; };
		24171D10260A49A7003852E0 /* EquipmentType.swift in Sources */ = {isa = PBXBuildFile; fileRef = 24171D0F260A49A7003852E0 /* EquipmentType.swift */; };
		24171D13260A4A30003852E0 /* WorkoutProgmar.swift in Sources */ = {isa = PBXBuildFile; fileRef = 24171D12260A4A30003852E0 /* WorkoutProgmar.swift */; };
		24171D32260A6292003852E0 /* CoreData.swift in Sources */ = {isa = PBXBuildFile; fileRef = 24171D31260A6292003852E0 /* CoreData.swift */; };
		24171D35260A62AB003852E0 /* CoreDatable.swift in Sources */ = {isa = PBXBuildFile; fileRef = 24171D34260A62AB003852E0 /* CoreDatable.swift */; };
		24171D39260A644F003852E0 /* fitnessAppGenerator.xcdatamodeld in Sources */ = {isa = PBXBuildFile; fileRef = 24171D37260A644F003852E0 /* fitnessAppGenerator.xcdatamodeld */; };
		24171D3E260A68AD003852E0 /* Int.swift in Sources */ = {isa = PBXBuildFile; fileRef = 24171D3D260A68AD003852E0 /* Int.swift */; };
		24171D4D260B2478003852E0 /* NSTextField.swift in Sources */ = {isa = PBXBuildFile; fileRef = 24171D4C260B2478003852E0 /* NSTextField.swift */; };
		24171D50260B8680003852E0 /* MusculeType.swift in Sources */ = {isa = PBXBuildFile; fileRef = 24171D4F260B8680003852E0 /* MusculeType.swift */; };
		24171D5C260C7FB1003852E0 /* Circle.swift in Sources */ = {isa = PBXBuildFile; fileRef = 24171D5B260C7FB1003852E0 /* Circle.swift */; };
		24171D7A2611C5FF003852E0 /* ExerciseSet.swift in Sources */ = {isa = PBXBuildFile; fileRef = 24171D792611C5FF003852E0 /* ExerciseSet.swift */; };
		24171D7D2611E26F003852E0 /* BasicExercise.swift in Sources */ = {isa = PBXBuildFile; fileRef = 24171D7C2611E26F003852E0 /* BasicExercise.swift */; };
		24204A212685DF7500927D4B /* CircleType.swift in Sources */ = {isa = PBXBuildFile; fileRef = 24204A202685DF7500927D4B /* CircleType.swift */; };
		2424DC202707194200569856 /* BlurWindow.swift in Sources */ = {isa = PBXBuildFile; fileRef = 2424DC1F2707194200569856 /* BlurWindow.swift */; };
		2424DC23270725FE00569856 /* ExercisesView.swift in Sources */ = {isa = PBXBuildFile; fileRef = 2424DC22270725FE00569856 /* ExercisesView.swift */; };
		2424DC272707262300569856 /* ExercisesViewModel.swift in Sources */ = {isa = PBXBuildFile; fileRef = 2424DC262707262300569856 /* ExercisesViewModel.swift */; };
		2424DC292707278000569856 /* DefaultUsers.swift in Sources */ = {isa = PBXBuildFile; fileRef = 2424DC282707278000569856 /* DefaultUsers.swift */; };
		2424DC2B270733CF00569856 /* Review.swift in Sources */ = {isa = PBXBuildFile; fileRef = 2424DC2A270733CF00569856 /* Review.swift */; };
		2424DC2D2707424600569856 /* ExerciseReview.swift in Sources */ = {isa = PBXBuildFile; fileRef = 2424DC2C2707424600569856 /* ExerciseReview.swift */; };
		2424DC2F27074D6000569856 /* ExerciseDetail.swift in Sources */ = {isa = PBXBuildFile; fileRef = 2424DC2E27074D6000569856 /* ExerciseDetail.swift */; };
		2424DC31270758BA00569856 /* MyTextField.swift in Sources */ = {isa = PBXBuildFile; fileRef = 2424DC30270758BA00569856 /* MyTextField.swift */; };
		2424DC3327075CEB00569856 /* NSTextView.swift in Sources */ = {isa = PBXBuildFile; fileRef = 2424DC3227075CEB00569856 /* NSTextView.swift */; };
		2424DC3527075DB700569856 /* ImageFrame.swift in Sources */ = {isa = PBXBuildFile; fileRef = 2424DC3427075DB700569856 /* ImageFrame.swift */; };
		2424DC3A2707675B00569856 /* PropertyChoser.swift in Sources */ = {isa = PBXBuildFile; fileRef = 2424DC392707675B00569856 /* PropertyChoser.swift */; };
		2424DC3C2707687100569856 /* StrChooseble.swift in Sources */ = {isa = PBXBuildFile; fileRef = 2424DC3B2707687100569856 /* StrChooseble.swift */; };
		2424DC3E27076FBB00569856 /* MultiPropertyChooser.swift in Sources */ = {isa = PBXBuildFile; fileRef = 2424DC3D27076FBB00569856 /* MultiPropertyChooser.swift */; };
		2424DC402707732300569856 /* VoiceCommentSection.swift in Sources */ = {isa = PBXBuildFile; fileRef = 2424DC3F2707732300569856 /* VoiceCommentSection.swift */; };
		2424DC43270837CD00569856 /* EditVoiceComment.swift in Sources */ = {isa = PBXBuildFile; fileRef = 2424DC42270837CD00569856 /* EditVoiceComment.swift */; };
		2424DC4527084AC300569856 /* ButtonWIthIcon.swift in Sources */ = {isa = PBXBuildFile; fileRef = 2424DC4427084AC300569856 /* ButtonWIthIcon.swift */; };
		2424DC482708B9D400569856 /* WorkoutsView.swift in Sources */ = {isa = PBXBuildFile; fileRef = 2424DC472708B9D400569856 /* WorkoutsView.swift */; };
		2424DC4A2708B9F400569856 /* WorkoutReview.swift in Sources */ = {isa = PBXBuildFile; fileRef = 2424DC492708B9F400569856 /* WorkoutReview.swift */; };
		2424DC4D2708BA5700569856 /* WorkoutsManager.swift in Sources */ = {isa = PBXBuildFile; fileRef = 2424DC4C2708BA5700569856 /* WorkoutsManager.swift */; };
		2424DC4F2708BCE600569856 /* Reviewble.swift in Sources */ = {isa = PBXBuildFile; fileRef = 2424DC4E2708BCE600569856 /* Reviewble.swift */; };
		2424DC512708BF1E00569856 /* WorkoutDetail.swift in Sources */ = {isa = PBXBuildFile; fileRef = 2424DC502708BF1E00569856 /* WorkoutDetail.swift */; };
		2458DE81270981470031BD9D /* ExerciseCatalog.swift in Sources */ = {isa = PBXBuildFile; fileRef = 2458DE80270981470031BD9D /* ExerciseCatalog.swift */; };
		2458DE83270989DD0031BD9D /* CloseButton.swift in Sources */ = {isa = PBXBuildFile; fileRef = 2458DE82270989DD0031BD9D /* CloseButton.swift */; };
		2458DE8527099CBA0031BD9D /* ExerciseItem.swift in Sources */ = {isa = PBXBuildFile; fileRef = 2458DE8427099CBA0031BD9D /* ExerciseItem.swift */; };
		2459960527215A6C00CFCEFF /* PlaceType.swift in Sources */ = {isa = PBXBuildFile; fileRef = 2459960427215A6C00CFCEFF /* PlaceType.swift */; };
		245E29AF271469280072E856 /* SafeView.swift in Sources */ = {isa = PBXBuildFile; fileRef = 245E29AE271469280072E856 /* SafeView.swift */; };
		245E29B0271469D50072E856 /* WorkoutCircleView.swift in Sources */ = {isa = PBXBuildFile; fileRef = 2424DC522708CC7500569856 /* WorkoutCircleView.swift */; };
		245E29B227147E2F0072E856 /* SideViewModel.swift in Sources */ = {isa = PBXBuildFile; fileRef = 245E29B127147E2F0072E856 /* SideViewModel.swift */; };
		245E29B327147F8D0072E856 /* StrenghtExerciseSidePage.swift in Sources */ = {isa = PBXBuildFile; fileRef = 2458DE87270A08B00031BD9D /* StrenghtExerciseSidePage.swift */; };
		245E29B42714A5010072E856 /* StrenghtExerciseSetView.swift in Sources */ = {isa = PBXBuildFile; fileRef = 24FA8D22270F24F400B8504A /* StrenghtExerciseSetView.swift */; };
		245E29B62714B3A10072E856 /* IconButton.swift in Sources */ = {isa = PBXBuildFile; fileRef = 245E29B52714B3A10072E856 /* IconButton.swift */; };
		245E29B8271568280072E856 /* IntervalExerciseSidePage.swift in Sources */ = {isa = PBXBuildFile; fileRef = 245E29B7271568280072E856 /* IntervalExerciseSidePage.swift */; };
		245E29BA271574B30072E856 /* ProgramsManager.swift in Sources */ = {isa = PBXBuildFile; fileRef = 245E29B9271574B30072E856 /* ProgramsManager.swift */; };
		245E29BD271575CF0072E856 /* ProgramsView.swift in Sources */ = {isa = PBXBuildFile; fileRef = 245E29BC271575CF0072E856 /* ProgramsView.swift */; };
		245E29BF2715761E0072E856 /* ProgramReview.swift in Sources */ = {isa = PBXBuildFile; fileRef = 245E29BE2715761E0072E856 /* ProgramReview.swift */; };
		245E29C12715834A0072E856 /* ProgramDetail.swift in Sources */ = {isa = PBXBuildFile; fileRef = 245E29C02715834A0072E856 /* ProgramDetail.swift */; };
		245E29C52715C3DD0072E856 /* SpecialProgram.swift in Sources */ = {isa = PBXBuildFile; fileRef = 245E29C42715C3DD0072E856 /* SpecialProgram.swift */; };
		24721AD02707108000A27341 /* Home.swift in Sources */ = {isa = PBXBuildFile; fileRef = 24721ACF2707108000A27341 /* Home.swift */; };
		24721AD22707113B00A27341 /* NSScreen.swift in Sources */ = {isa = PBXBuildFile; fileRef = 24721AD12707113B00A27341 /* NSScreen.swift */; };
		24721AD62707129100A27341 /* MainPageType.swift in Sources */ = {isa = PBXBuildFile; fileRef = 24721AD52707129100A27341 /* MainPageType.swift */; };
		24721AD82707148B00A27341 /* TabButton.swift in Sources */ = {isa = PBXBuildFile; fileRef = 24721AD72707148B00A27341 /* TabButton.swift */; };
		24AFB45B2615993D006D67F2 /* Notification Names.swift in Sources */ = {isa = PBXBuildFile; fileRef = 24AFB45A2615993D006D67F2 /* Notification Names.swift */; };
		24B4AFDE27A154D0008D0081 /* CatalogItem.swift in Sources */ = {isa = PBXBuildFile; fileRef = 24B4AFDD27A154D0008D0081 /* CatalogItem.swift */; };
		24B4AFE027A15587008D0081 /* Property.swift in Sources */ = {isa = PBXBuildFile; fileRef = 24B4AFDF27A15587008D0081 /* Property.swift */; };
		24B4AFE227A15E56008D0081 /* CatalogContainer.swift in Sources */ = {isa = PBXBuildFile; fileRef = 24B4AFE127A15E56008D0081 /* CatalogContainer.swift */; };
		24B4AFE427A16065008D0081 /* CatalogView.swift in Sources */ = {isa = PBXBuildFile; fileRef = 24B4AFE327A16065008D0081 /* CatalogView.swift */; };
		24B4AFE627A16075008D0081 /* CatalogItemView.swift in Sources */ = {isa = PBXBuildFile; fileRef = 24B4AFE527A16075008D0081 /* CatalogItemView.swift */; };
		24B4AFE827A1629A008D0081 /* DetailItemView.swift in Sources */ = {isa = PBXBuildFile; fileRef = 24B4AFE727A1629A008D0081 /* DetailItemView.swift */; };
		24B4AFEA27A163AE008D0081 /* ProperiesView.swift in Sources */ = {isa = PBXBuildFile; fileRef = 24B4AFE927A163AE008D0081 /* ProperiesView.swift */; };
		24B4AFED27A1C7E9008D0081 /* WorkoutProgramPropertyView.swift in Sources */ = {isa = PBXBuildFile; fileRef = 24B4AFEC27A1C7E9008D0081 /* WorkoutProgramPropertyView.swift */; };
		24B4AFEF27A1C805008D0081 /* WorkoutPropertyView.swift in Sources */ = {isa = PBXBuildFile; fileRef = 24B4AFEE27A1C805008D0081 /* WorkoutPropertyView.swift */; };
		24B4AFF227A1C8FC008D0081 /* SearchManager.swift in Sources */ = {isa = PBXBuildFile; fileRef = 24B4AFF127A1C8FC008D0081 /* SearchManager.swift */; };
		24B4AFF427A1CB87008D0081 /* String.swift in Sources */ = {isa = PBXBuildFile; fileRef = 24B4AFF327A1CB87008D0081 /* String.swift */; };
		24B4AFF627A2828C008D0081 /* ItemManager.swift in Sources */ = {isa = PBXBuildFile; fileRef = 24B4AFF527A2828C008D0081 /* ItemManager.swift */; };
		24F12EDC27ABC68F00384B07 /* AdditionalItemsCatalog.swift in Sources */ = {isa = PBXBuildFile; fileRef = 24F12EDB27ABC68F00384B07 /* AdditionalItemsCatalog.swift */; };
		24F12EDE27AC3B1500384B07 /* HelpFuncs.swift in Sources */ = {isa = PBXBuildFile; fileRef = 24F12EDD27AC3B1500384B07 /* HelpFuncs.swift */; };
		24F24F4B25F0AF4C003C1D04 /* GeneratorJSONApp.swift in Sources */ = {isa = PBXBuildFile; fileRef = 24F24F4A25F0AF4C003C1D04 /* GeneratorJSONApp.swift */; };
		24F24F4F25F0AF4E003C1D04 /* Assets.xcassets in Resources */ = {isa = PBXBuildFile; fileRef = 24F24F4E25F0AF4E003C1D04 /* Assets.xcassets */; };
		24F24F5225F0AF4E003C1D04 /* Preview Assets.xcassets in Resources */ = {isa = PBXBuildFile; fileRef = 24F24F5125F0AF4E003C1D04 /* Preview Assets.xcassets */; };
		24F24F6625F0B5B6003C1D04 /* SwiftyJSON in Frameworks */ = {isa = PBXBuildFile; productRef = 24F24F6525F0B5B6003C1D04 /* SwiftyJSON */; };
/* End PBXBuildFile section */

/* Begin PBXFileReference section */
		240D011727A45EB4003270E2 /* JSONble.swift */ = {isa = PBXFileReference; lastKnownFileType = sourcecode.swift; path = JSONble.swift; sourceTree = "<group>"; };
		240D011927A45F56003270E2 /* JSONManager.swift */ = {isa = PBXFileReference; lastKnownFileType = sourcecode.swift; path = JSONManager.swift; sourceTree = "<group>"; };
		240D011C27A471C3003270E2 /* JSONType.swift */ = {isa = PBXFileReference; lastKnownFileType = sourcecode.swift; path = JSONType.swift; sourceTree = "<group>"; };
		2411748E25F14886001EE7CB /* NSImage+ext.swift */ = {isa = PBXFileReference; lastKnownFileType = sourcecode.swift; path = "NSImage+ext.swift"; sourceTree = "<group>"; };
		2411749125F152B4001EE7CB /* URL+ext.swift */ = {isa = PBXFileReference; lastKnownFileType = sourcecode.swift; path = "URL+ext.swift"; sourceTree = "<group>"; };
		24171CEE260A1CC3003852E0 /* Exercise.swift */ = {isa = PBXFileReference; lastKnownFileType = sourcecode.swift; path = Exercise.swift; sourceTree = "<group>"; };
		24171CF2260A1DAB003852E0 /* WorkType.swift */ = {isa = PBXFileReference; lastKnownFileType = sourcecode.swift; path = WorkType.swift; sourceTree = "<group>"; };
		24171CF5260A1E0D003852E0 /* LevelType.swift */ = {isa = PBXFileReference; lastKnownFileType = sourcecode.swift; path = LevelType.swift; sourceTree = "<group>"; };
		24171CF9260A225A003852E0 /* StrenghtExercise.swift */ = {isa = PBXFileReference; lastKnownFileType = sourcecode.swift; path = StrenghtExercise.swift; sourceTree = "<group>"; };
		24171CFD260A2330003852E0 /* IntervalExercise.swift */ = {isa = PBXFileReference; lastKnownFileType = sourcecode.swift; path = IntervalExercise.swift; sourceTree = "<group>"; };
		24171D05260A2746003852E0 /* Workout.swift */ = {isa = PBXFileReference; lastKnownFileType = sourcecode.swift; path = Workout.swift; sourceTree = "<group>"; };
		24171D09260A2842003852E0 /* SexType.swift */ = {isa = PBXFileReference; lastKnownFileType = sourcecode.swift; path = SexType.swift; sourceTree = "<group>"; };
		24171D0C260A288B003852E0 /* TargetType.swift */ = {isa = PBXFileReference; lastKnownFileType = sourcecode.swift; path = TargetType.swift; sourceTree = "<group>"; };
		24171D0F260A49A7003852E0 /* EquipmentType.swift */ = {isa = PBXFileReference; lastKnownFileType = sourcecode.swift; path = EquipmentType.swift; sourceTree = "<group>"; };
		24171D12260A4A30003852E0 /* WorkoutProgmar.swift */ = {isa = PBXFileReference; lastKnownFileType = sourcecode.swift; path = WorkoutProgmar.swift; sourceTree = "<group>"; };
		24171D31260A6292003852E0 /* CoreData.swift */ = {isa = PBXFileReference; lastKnownFileType = sourcecode.swift; path = CoreData.swift; sourceTree = "<group>"; };
		24171D34260A62AB003852E0 /* CoreDatable.swift */ = {isa = PBXFileReference; lastKnownFileType = sourcecode.swift; path = CoreDatable.swift; sourceTree = "<group>"; };
		24171D38260A644F003852E0 /* fitnessAppGenerator.xcdatamodel */ = {isa = PBXFileReference; lastKnownFileType = wrapper.xcdatamodel; path = fitnessAppGenerator.xcdatamodel; sourceTree = "<group>"; };
		24171D3D260A68AD003852E0 /* Int.swift */ = {isa = PBXFileReference; lastKnownFileType = sourcecode.swift; path = Int.swift; sourceTree = "<group>"; };
		24171D4C260B2478003852E0 /* NSTextField.swift */ = {isa = PBXFileReference; lastKnownFileType = sourcecode.swift; path = NSTextField.swift; sourceTree = "<group>"; };
		24171D4F260B8680003852E0 /* MusculeType.swift */ = {isa = PBXFileReference; lastKnownFileType = sourcecode.swift; path = MusculeType.swift; sourceTree = "<group>"; };
		24171D5B260C7FB1003852E0 /* Circle.swift */ = {isa = PBXFileReference; lastKnownFileType = sourcecode.swift; path = Circle.swift; sourceTree = "<group>"; };
		24171D792611C5FF003852E0 /* ExerciseSet.swift */ = {isa = PBXFileReference; lastKnownFileType = sourcecode.swift; path = ExerciseSet.swift; sourceTree = "<group>"; };
		24171D7C2611E26F003852E0 /* BasicExercise.swift */ = {isa = PBXFileReference; lastKnownFileType = sourcecode.swift; path = BasicExercise.swift; sourceTree = "<group>"; };
		24204A202685DF7500927D4B /* CircleType.swift */ = {isa = PBXFileReference; lastKnownFileType = sourcecode.swift; path = CircleType.swift; sourceTree = "<group>"; };
		2424DC1F2707194200569856 /* BlurWindow.swift */ = {isa = PBXFileReference; lastKnownFileType = sourcecode.swift; path = BlurWindow.swift; sourceTree = "<group>"; };
		2424DC22270725FE00569856 /* ExercisesView.swift */ = {isa = PBXFileReference; lastKnownFileType = sourcecode.swift; path = ExercisesView.swift; sourceTree = "<group>"; };
		2424DC262707262300569856 /* ExercisesViewModel.swift */ = {isa = PBXFileReference; lastKnownFileType = sourcecode.swift; path = ExercisesViewModel.swift; sourceTree = "<group>"; };
		2424DC282707278000569856 /* DefaultUsers.swift */ = {isa = PBXFileReference; lastKnownFileType = sourcecode.swift; path = DefaultUsers.swift; sourceTree = "<group>"; };
		2424DC2A270733CF00569856 /* Review.swift */ = {isa = PBXFileReference; lastKnownFileType = sourcecode.swift; path = Review.swift; sourceTree = "<group>"; };
		2424DC2C2707424600569856 /* ExerciseReview.swift */ = {isa = PBXFileReference; lastKnownFileType = sourcecode.swift; path = ExerciseReview.swift; sourceTree = "<group>"; };
		2424DC2E27074D6000569856 /* ExerciseDetail.swift */ = {isa = PBXFileReference; lastKnownFileType = sourcecode.swift; path = ExerciseDetail.swift; sourceTree = "<group>"; };
		2424DC30270758BA00569856 /* MyTextField.swift */ = {isa = PBXFileReference; lastKnownFileType = sourcecode.swift; path = MyTextField.swift; sourceTree = "<group>"; };
		2424DC3227075CEB00569856 /* NSTextView.swift */ = {isa = PBXFileReference; lastKnownFileType = sourcecode.swift; path = NSTextView.swift; sourceTree = "<group>"; };
		2424DC3427075DB700569856 /* ImageFrame.swift */ = {isa = PBXFileReference; lastKnownFileType = sourcecode.swift; path = ImageFrame.swift; sourceTree = "<group>"; };
		2424DC392707675B00569856 /* PropertyChoser.swift */ = {isa = PBXFileReference; lastKnownFileType = sourcecode.swift; path = PropertyChoser.swift; sourceTree = "<group>"; };
		2424DC3B2707687100569856 /* StrChooseble.swift */ = {isa = PBXFileReference; lastKnownFileType = sourcecode.swift; path = StrChooseble.swift; sourceTree = "<group>"; };
		2424DC3D27076FBB00569856 /* MultiPropertyChooser.swift */ = {isa = PBXFileReference; lastKnownFileType = sourcecode.swift; path = MultiPropertyChooser.swift; sourceTree = "<group>"; };
		2424DC3F2707732300569856 /* VoiceCommentSection.swift */ = {isa = PBXFileReference; lastKnownFileType = sourcecode.swift; path = VoiceCommentSection.swift; sourceTree = "<group>"; };
		2424DC42270837CD00569856 /* EditVoiceComment.swift */ = {isa = PBXFileReference; lastKnownFileType = sourcecode.swift; path = EditVoiceComment.swift; sourceTree = "<group>"; };
		2424DC4427084AC300569856 /* ButtonWIthIcon.swift */ = {isa = PBXFileReference; lastKnownFileType = sourcecode.swift; path = ButtonWIthIcon.swift; sourceTree = "<group>"; };
		2424DC472708B9D400569856 /* WorkoutsView.swift */ = {isa = PBXFileReference; lastKnownFileType = sourcecode.swift; path = WorkoutsView.swift; sourceTree = "<group>"; };
		2424DC492708B9F400569856 /* WorkoutReview.swift */ = {isa = PBXFileReference; lastKnownFileType = sourcecode.swift; path = WorkoutReview.swift; sourceTree = "<group>"; };
		2424DC4C2708BA5700569856 /* WorkoutsManager.swift */ = {isa = PBXFileReference; lastKnownFileType = sourcecode.swift; path = WorkoutsManager.swift; sourceTree = "<group>"; };
		2424DC4E2708BCE600569856 /* Reviewble.swift */ = {isa = PBXFileReference; lastKnownFileType = sourcecode.swift; path = Reviewble.swift; sourceTree = "<group>"; };
		2424DC502708BF1E00569856 /* WorkoutDetail.swift */ = {isa = PBXFileReference; lastKnownFileType = sourcecode.swift; path = WorkoutDetail.swift; sourceTree = "<group>"; };
		2424DC522708CC7500569856 /* WorkoutCircleView.swift */ = {isa = PBXFileReference; lastKnownFileType = sourcecode.swift; path = WorkoutCircleView.swift; sourceTree = "<group>"; };
		2458DE80270981470031BD9D /* ExerciseCatalog.swift */ = {isa = PBXFileReference; lastKnownFileType = sourcecode.swift; path = ExerciseCatalog.swift; sourceTree = "<group>"; };
		2458DE82270989DD0031BD9D /* CloseButton.swift */ = {isa = PBXFileReference; lastKnownFileType = sourcecode.swift; path = CloseButton.swift; sourceTree = "<group>"; };
		2458DE8427099CBA0031BD9D /* ExerciseItem.swift */ = {isa = PBXFileReference; lastKnownFileType = sourcecode.swift; path = ExerciseItem.swift; sourceTree = "<group>"; };
		2458DE87270A08B00031BD9D /* StrenghtExerciseSidePage.swift */ = {isa = PBXFileReference; lastKnownFileType = sourcecode.swift; path = StrenghtExerciseSidePage.swift; sourceTree = "<group>"; };
		2459960427215A6C00CFCEFF /* PlaceType.swift */ = {isa = PBXFileReference; lastKnownFileType = sourcecode.swift; path = PlaceType.swift; sourceTree = "<group>"; };
		245E29AE271469280072E856 /* SafeView.swift */ = {isa = PBXFileReference; lastKnownFileType = sourcecode.swift; path = SafeView.swift; sourceTree = "<group>"; };
		245E29B127147E2F0072E856 /* SideViewModel.swift */ = {isa = PBXFileReference; lastKnownFileType = sourcecode.swift; path = SideViewModel.swift; sourceTree = "<group>"; };
		245E29B52714B3A10072E856 /* IconButton.swift */ = {isa = PBXFileReference; lastKnownFileType = sourcecode.swift; path = IconButton.swift; sourceTree = "<group>"; };
		245E29B7271568280072E856 /* IntervalExerciseSidePage.swift */ = {isa = PBXFileReference; lastKnownFileType = sourcecode.swift; path = IntervalExerciseSidePage.swift; sourceTree = "<group>"; };
		245E29B9271574B30072E856 /* ProgramsManager.swift */ = {isa = PBXFileReference; lastKnownFileType = sourcecode.swift; path = ProgramsManager.swift; sourceTree = "<group>"; };
		245E29BC271575CF0072E856 /* ProgramsView.swift */ = {isa = PBXFileReference; lastKnownFileType = sourcecode.swift; path = ProgramsView.swift; sourceTree = "<group>"; };
		245E29BE2715761E0072E856 /* ProgramReview.swift */ = {isa = PBXFileReference; lastKnownFileType = sourcecode.swift; path = ProgramReview.swift; sourceTree = "<group>"; };
		245E29C02715834A0072E856 /* ProgramDetail.swift */ = {isa = PBXFileReference; lastKnownFileType = sourcecode.swift; path = ProgramDetail.swift; sourceTree = "<group>"; };
		245E29C42715C3DD0072E856 /* SpecialProgram.swift */ = {isa = PBXFileReference; lastKnownFileType = sourcecode.swift; path = SpecialProgram.swift; sourceTree = "<group>"; };
		24721ACF2707108000A27341 /* Home.swift */ = {isa = PBXFileReference; lastKnownFileType = sourcecode.swift; path = Home.swift; sourceTree = "<group>"; };
		24721AD12707113B00A27341 /* NSScreen.swift */ = {isa = PBXFileReference; lastKnownFileType = sourcecode.swift; path = NSScreen.swift; sourceTree = "<group>"; };
		24721AD52707129100A27341 /* MainPageType.swift */ = {isa = PBXFileReference; lastKnownFileType = sourcecode.swift; path = MainPageType.swift; sourceTree = "<group>"; };
		24721AD72707148B00A27341 /* TabButton.swift */ = {isa = PBXFileReference; lastKnownFileType = sourcecode.swift; path = TabButton.swift; sourceTree = "<group>"; };
		24AFB45A2615993D006D67F2 /* Notification Names.swift */ = {isa = PBXFileReference; lastKnownFileType = sourcecode.swift; path = "Notification Names.swift"; sourceTree = "<group>"; };
		24B4AFDD27A154D0008D0081 /* CatalogItem.swift */ = {isa = PBXFileReference; lastKnownFileType = sourcecode.swift; path = CatalogItem.swift; sourceTree = "<group>"; };
		24B4AFDF27A15587008D0081 /* Property.swift */ = {isa = PBXFileReference; lastKnownFileType = sourcecode.swift; path = Property.swift; sourceTree = "<group>"; };
		24B4AFE127A15E56008D0081 /* CatalogContainer.swift */ = {isa = PBXFileReference; lastKnownFileType = sourcecode.swift; path = CatalogContainer.swift; sourceTree = "<group>"; };
		24B4AFE327A16065008D0081 /* CatalogView.swift */ = {isa = PBXFileReference; lastKnownFileType = sourcecode.swift; path = CatalogView.swift; sourceTree = "<group>"; };
		24B4AFE527A16075008D0081 /* CatalogItemView.swift */ = {isa = PBXFileReference; lastKnownFileType = sourcecode.swift; path = CatalogItemView.swift; sourceTree = "<group>"; };
		24B4AFE727A1629A008D0081 /* DetailItemView.swift */ = {isa = PBXFileReference; lastKnownFileType = sourcecode.swift; path = DetailItemView.swift; sourceTree = "<group>"; };
		24B4AFE927A163AE008D0081 /* ProperiesView.swift */ = {isa = PBXFileReference; lastKnownFileType = sourcecode.swift; path = ProperiesView.swift; sourceTree = "<group>"; };
		24B4AFEC27A1C7E9008D0081 /* WorkoutProgramPropertyView.swift */ = {isa = PBXFileReference; lastKnownFileType = sourcecode.swift; path = WorkoutProgramPropertyView.swift; sourceTree = "<group>"; };
		24B4AFEE27A1C805008D0081 /* WorkoutPropertyView.swift */ = {isa = PBXFileReference; lastKnownFileType = sourcecode.swift; path = WorkoutPropertyView.swift; sourceTree = "<group>"; };
		24B4AFF127A1C8FC008D0081 /* SearchManager.swift */ = {isa = PBXFileReference; lastKnownFileType = sourcecode.swift; path = SearchManager.swift; sourceTree = "<group>"; };
		24B4AFF327A1CB87008D0081 /* String.swift */ = {isa = PBXFileReference; lastKnownFileType = sourcecode.swift; path = String.swift; sourceTree = "<group>"; };
		24B4AFF527A2828C008D0081 /* ItemManager.swift */ = {isa = PBXFileReference; lastKnownFileType = sourcecode.swift; path = ItemManager.swift; sourceTree = "<group>"; };
		24F12EDB27ABC68F00384B07 /* AdditionalItemsCatalog.swift */ = {isa = PBXFileReference; lastKnownFileType = sourcecode.swift; path = AdditionalItemsCatalog.swift; sourceTree = "<group>"; };
		24F12EDD27AC3B1500384B07 /* HelpFuncs.swift */ = {isa = PBXFileReference; lastKnownFileType = sourcecode.swift; path = HelpFuncs.swift; sourceTree = "<group>"; };
		24F24F4725F0AF4C003C1D04 /* GeneratorJSON.app */ = {isa = PBXFileReference; explicitFileType = wrapper.application; includeInIndex = 0; path = GeneratorJSON.app; sourceTree = BUILT_PRODUCTS_DIR; };
		24F24F4A25F0AF4C003C1D04 /* GeneratorJSONApp.swift */ = {isa = PBXFileReference; lastKnownFileType = sourcecode.swift; path = GeneratorJSONApp.swift; sourceTree = "<group>"; };
		24F24F4E25F0AF4E003C1D04 /* Assets.xcassets */ = {isa = PBXFileReference; lastKnownFileType = folder.assetcatalog; path = Assets.xcassets; sourceTree = "<group>"; };
		24F24F5125F0AF4E003C1D04 /* Preview Assets.xcassets */ = {isa = PBXFileReference; lastKnownFileType = folder.assetcatalog; path = "Preview Assets.xcassets"; sourceTree = "<group>"; };
		24F24F5325F0AF4E003C1D04 /* Info.plist */ = {isa = PBXFileReference; lastKnownFileType = text.plist.xml; path = Info.plist; sourceTree = "<group>"; };
		24F24F5425F0AF4E003C1D04 /* GeneratorJSON.entitlements */ = {isa = PBXFileReference; lastKnownFileType = text.plist.entitlements; path = GeneratorJSON.entitlements; sourceTree = "<group>"; };
		24FA8D22270F24F400B8504A /* StrenghtExerciseSetView.swift */ = {isa = PBXFileReference; lastKnownFileType = sourcecode.swift; path = StrenghtExerciseSetView.swift; sourceTree = "<group>"; };
/* End PBXFileReference section */

/* Begin PBXFrameworksBuildPhase section */
		24F24F4425F0AF4C003C1D04 /* Frameworks */ = {
			isa = PBXFrameworksBuildPhase;
			buildActionMask = 2147483647;
			files = (
				24F24F6625F0B5B6003C1D04 /* SwiftyJSON in Frameworks */,
			);
			runOnlyForDeploymentPostprocessing = 0;
		};
/* End PBXFrameworksBuildPhase section */

/* Begin PBXGroup section */
		240D011B27A47169003270E2 /* Property */ = {
			isa = PBXGroup;
			children = (
				24171CF2260A1DAB003852E0 /* WorkType.swift */,
				24171CF5260A1E0D003852E0 /* LevelType.swift */,
				24171D09260A2842003852E0 /* SexType.swift */,
				24171D0C260A288B003852E0 /* TargetType.swift */,
				24171D0F260A49A7003852E0 /* EquipmentType.swift */,
				2459960427215A6C00CFCEFF /* PlaceType.swift */,
				24171D4F260B8680003852E0 /* MusculeType.swift */,
				24204A202685DF7500927D4B /* CircleType.swift */,
			);
			path = Property;
			sourceTree = "<group>";
		};
		2411748925F142E2001EE7CB /* EXTENSION */ = {
			isa = PBXGroup;
			children = (
				24171D3D260A68AD003852E0 /* Int.swift */,
				2411748E25F14886001EE7CB /* NSImage+ext.swift */,
				2411749125F152B4001EE7CB /* URL+ext.swift */,
				24171D4C260B2478003852E0 /* NSTextField.swift */,
				24AFB45A2615993D006D67F2 /* Notification Names.swift */,
				24721AD12707113B00A27341 /* NSScreen.swift */,
				2424DC282707278000569856 /* DefaultUsers.swift */,
				2424DC3227075CEB00569856 /* NSTextView.swift */,
				24B4AFF327A1CB87008D0081 /* String.swift */,
				24F12EDD27AC3B1500384B07 /* HelpFuncs.swift */,
			);
			path = EXTENSION;
			sourceTree = "<group>";
		};
		24171CE8260A1AFC003852E0 /* Models */ = {
			isa = PBXGroup;
			children = (
				24171CF8260A2248003852E0 /* PROTOCOL */,
				24171CF1260A1D81003852E0 /* ENUM */,
				24171D04260A2727003852E0 /* Workouts */,
				24171D00260A269E003852E0 /* Exercises */,
			);
			path = Models;
			sourceTree = "<group>";
		};
		24171CF1260A1D81003852E0 /* ENUM */ = {
			isa = PBXGroup;
			children = (
				240D011B27A47169003270E2 /* Property */,
				240D011C27A471C3003270E2 /* JSONType.swift */,
			);
			path = ENUM;
			sourceTree = "<group>";
		};
		24171CF8260A2248003852E0 /* PROTOCOL */ = {
			isa = PBXGroup;
			children = (
				24171D34260A62AB003852E0 /* CoreDatable.swift */,
				240D011727A45EB4003270E2 /* JSONble.swift */,
				24171CEE260A1CC3003852E0 /* Exercise.swift */,
				24B4AFDD27A154D0008D0081 /* CatalogItem.swift */,
				24B4AFDF27A15587008D0081 /* Property.swift */,
				24B4AFDA27A15445008D0081 /* old */,
			);
			path = PROTOCOL;
			sourceTree = "<group>";
		};
		24171D00260A269E003852E0 /* Exercises */ = {
			isa = PBXGroup;
			children = (
				24171D7C2611E26F003852E0 /* BasicExercise.swift */,
				24171CFD260A2330003852E0 /* IntervalExercise.swift */,
				24171CF9260A225A003852E0 /* StrenghtExercise.swift */,
				24171D792611C5FF003852E0 /* ExerciseSet.swift */,
			);
			path = Exercises;
			sourceTree = "<group>";
		};
		24171D04260A2727003852E0 /* Workouts */ = {
			isa = PBXGroup;
			children = (
				24171D12260A4A30003852E0 /* WorkoutProgmar.swift */,
				24171D05260A2746003852E0 /* Workout.swift */,
				24171D5B260C7FB1003852E0 /* Circle.swift */,
				24B4AFDB27A15457008D0081 /* old */,
			);
			path = Workouts;
			sourceTree = "<group>";
		};
		24171D30260A6289003852E0 /* CONTROLLERS */ = {
			isa = PBXGroup;
			children = (
				24721ACC270706F700A27341 /* PROTOCOLS */,
				24171D31260A6292003852E0 /* CoreData.swift */,
			);
			path = CONTROLLERS;
			sourceTree = "<group>";
		};
		2424DC21270725F100569856 /* Exercises */ = {
			isa = PBXGroup;
			children = (
				2458DE862709A3330031BD9D /* Additional */,
				2424DC22270725FE00569856 /* ExercisesView.swift */,
				2424DC2C2707424600569856 /* ExerciseReview.swift */,
				2424DC2E27074D6000569856 /* ExerciseDetail.swift */,
				2458DE80270981470031BD9D /* ExerciseCatalog.swift */,
			);
			path = Exercises;
			sourceTree = "<group>";
		};
		2424DC242707260800569856 /* ViewModel */ = {
			isa = PBXGroup;
			children = (
				24B4AFF727A28496008D0081 /* Protocol */,
				245E29B9271574B30072E856 /* ProgramsManager.swift */,
				2424DC4C2708BA5700569856 /* WorkoutsManager.swift */,
				2424DC262707262300569856 /* ExercisesViewModel.swift */,
				245E29B127147E2F0072E856 /* SideViewModel.swift */,
				24B4AFF127A1C8FC008D0081 /* SearchManager.swift */,
			);
			path = ViewModel;
			sourceTree = "<group>";
		};
		2424DC41270837B000569856 /* VoiceComment */ = {
			isa = PBXGroup;
			children = (
				2424DC3F2707732300569856 /* VoiceCommentSection.swift */,
				2424DC42270837CD00569856 /* EditVoiceComment.swift */,
			);
			path = VoiceComment;
			sourceTree = "<group>";
		};
		2424DC462708B98600569856 /* Workouts */ = {
			isa = PBXGroup;
			children = (
				2424DC472708B9D400569856 /* WorkoutsView.swift */,
				2424DC492708B9F400569856 /* WorkoutReview.swift */,
				2424DC502708BF1E00569856 /* WorkoutDetail.swift */,
			);
			path = Workouts;
			sourceTree = "<group>";
		};
		2458DE862709A3330031BD9D /* Additional */ = {
			isa = PBXGroup;
			children = (
				2458DE8427099CBA0031BD9D /* ExerciseItem.swift */,
			);
			path = Additional;
			sourceTree = "<group>";
		};
		2458DE89270B21D10031BD9D /* Edit Exercise */ = {
			isa = PBXGroup;
			children = (
				2458DE87270A08B00031BD9D /* StrenghtExerciseSidePage.swift */,
				24FA8D22270F24F400B8504A /* StrenghtExerciseSetView.swift */,
				245E29B7271568280072E856 /* IntervalExerciseSidePage.swift */,
			);
			path = "Edit Exercise";
			sourceTree = "<group>";
		};
		245E29BB2715756B0072E856 /* Program */ = {
			isa = PBXGroup;
			children = (
				245E29BC271575CF0072E856 /* ProgramsView.swift */,
				245E29BE2715761E0072E856 /* ProgramReview.swift */,
				245E29C02715834A0072E856 /* ProgramDetail.swift */,
			);
			path = Program;
			sourceTree = "<group>";
		};
		24721ACC270706F700A27341 /* PROTOCOLS */ = {
			isa = PBXGroup;
			children = (
			);
			path = PROTOCOLS;
			sourceTree = "<group>";
		};
		24721ACD2707070B00A27341 /* RESOURSES */ = {
			isa = PBXGroup;
			children = (
				24F24F4E25F0AF4E003C1D04 /* Assets.xcassets */,
				24171D37260A644F003852E0 /* fitnessAppGenerator.xcdatamodeld */,
			);
			path = RESOURSES;
			sourceTree = "<group>";
		};
		24721ACE2707106E00A27341 /* View */ = {
			isa = PBXGroup;
			children = (
				24721AD42707128200A27341 /* ENUMS */,
				24721ACF2707108000A27341 /* Home.swift */,
				24B4AFE127A15E56008D0081 /* CatalogContainer.swift */,
				24B4AFE327A16065008D0081 /* CatalogView.swift */,
				24B4AFE527A16075008D0081 /* CatalogItemView.swift */,
				24B4AFE727A1629A008D0081 /* DetailItemView.swift */,
				24B4AFE927A163AE008D0081 /* ProperiesView.swift */,
				24B4AFEB27A1BC65008D0081 /* SpecificProperties */,
				24B4AFDC27A1547D008D0081 /* Old */,
				24721AD32707127900A27341 /* Additional */,
			);
			path = View;
			sourceTree = "<group>";
		};
		24721AD32707127900A27341 /* Additional */ = {
			isa = PBXGroup;
			children = (
				24721AD72707148B00A27341 /* TabButton.swift */,
				2424DC4427084AC300569856 /* ButtonWIthIcon.swift */,
				245E29B52714B3A10072E856 /* IconButton.swift */,
				2458DE82270989DD0031BD9D /* CloseButton.swift */,
				2424DC30270758BA00569856 /* MyTextField.swift */,
				2424DC1F2707194200569856 /* BlurWindow.swift */,
				2424DC3427075DB700569856 /* ImageFrame.swift */,
				2424DC392707675B00569856 /* PropertyChoser.swift */,
				2424DC3D27076FBB00569856 /* MultiPropertyChooser.swift */,
				2424DC2A270733CF00569856 /* Review.swift */,
				245E29AE271469280072E856 /* SafeView.swift */,
				2424DC41270837B000569856 /* VoiceComment */,
			);
			path = Additional;
			sourceTree = "<group>";
		};
		24721AD42707128200A27341 /* ENUMS */ = {
			isa = PBXGroup;
			children = (
				24721AD52707129100A27341 /* MainPageType.swift */,
			);
			path = ENUMS;
			sourceTree = "<group>";
		};
		24B4AFDA27A15445008D0081 /* old */ = {
			isa = PBXGroup;
			children = (
				2424DC3B2707687100569856 /* StrChooseble.swift */,
				2424DC4E2708BCE600569856 /* Reviewble.swift */,
			);
			path = old;
			sourceTree = "<group>";
		};
		24B4AFDB27A15457008D0081 /* old */ = {
			isa = PBXGroup;
			children = (
				245E29C42715C3DD0072E856 /* SpecialProgram.swift */,
			);
			path = old;
			sourceTree = "<group>";
		};
		24B4AFDC27A1547D008D0081 /* Old */ = {
			isa = PBXGroup;
			children = (
				245E29BB2715756B0072E856 /* Program */,
				2424DC462708B98600569856 /* Workouts */,
				2424DC21270725F100569856 /* Exercises */,
			);
			path = Old;
			sourceTree = "<group>";
		};
		24B4AFEB27A1BC65008D0081 /* SpecificProperties */ = {
			isa = PBXGroup;
			children = (
				24F12EDB27ABC68F00384B07 /* AdditionalItemsCatalog.swift */,
				24F12EDA27ABC62D00384B07 /* Workout Property */,
				24F12ED927ABC60400384B07 /* Program Property */,
			);
			path = SpecificProperties;
			sourceTree = "<group>";
		};
		24B4AFF727A28496008D0081 /* Protocol */ = {
			isa = PBXGroup;
			children = (
				24B4AFF527A2828C008D0081 /* ItemManager.swift */,
				240D011927A45F56003270E2 /* JSONManager.swift */,
			);
			path = Protocol;
			sourceTree = "<group>";
		};
		24F12ED927ABC60400384B07 /* Program Property */ = {
			isa = PBXGroup;
			children = (
				24B4AFEC27A1C7E9008D0081 /* WorkoutProgramPropertyView.swift */,
			);
			path = "Program Property";
			sourceTree = "<group>";
		};
		24F12EDA27ABC62D00384B07 /* Workout Property */ = {
			isa = PBXGroup;
			children = (
				24B4AFEE27A1C805008D0081 /* WorkoutPropertyView.swift */,
				2424DC522708CC7500569856 /* WorkoutCircleView.swift */,
				2458DE89270B21D10031BD9D /* Edit Exercise */,
			);
			path = "Workout Property";
			sourceTree = "<group>";
		};
		24F24F3E25F0AF4C003C1D04 = {
			isa = PBXGroup;
			children = (
				24F24F4925F0AF4C003C1D04 /* GeneratorJSON */,
				24F24F4825F0AF4C003C1D04 /* Products */,
			);
			sourceTree = "<group>";
		};
		24F24F4825F0AF4C003C1D04 /* Products */ = {
			isa = PBXGroup;
			children = (
				24F24F4725F0AF4C003C1D04 /* GeneratorJSON.app */,
			);
			name = Products;
			sourceTree = "<group>";
		};
		24F24F4925F0AF4C003C1D04 /* GeneratorJSON */ = {
			isa = PBXGroup;
			children = (
				24721ACD2707070B00A27341 /* RESOURSES */,
				24171D30260A6289003852E0 /* CONTROLLERS */,
				2411748925F142E2001EE7CB /* EXTENSION */,
				24171CE8260A1AFC003852E0 /* Models */,
				2424DC242707260800569856 /* ViewModel */,
				24721ACE2707106E00A27341 /* View */,
				24F24F5325F0AF4E003C1D04 /* Info.plist */,
				24F24F4A25F0AF4C003C1D04 /* GeneratorJSONApp.swift */,
				24F24F5425F0AF4E003C1D04 /* GeneratorJSON.entitlements */,
				24F24F5025F0AF4E003C1D04 /* Preview Content */,
			);
			path = GeneratorJSON;
			sourceTree = "<group>";
		};
		24F24F5025F0AF4E003C1D04 /* Preview Content */ = {
			isa = PBXGroup;
			children = (
				24F24F5125F0AF4E003C1D04 /* Preview Assets.xcassets */,
			);
			path = "Preview Content";
			sourceTree = "<group>";
		};
/* End PBXGroup section */

/* Begin PBXNativeTarget section */
		24F24F4625F0AF4C003C1D04 /* GeneratorJSON */ = {
			isa = PBXNativeTarget;
			buildConfigurationList = 24F24F5725F0AF4E003C1D04 /* Build configuration list for PBXNativeTarget "GeneratorJSON" */;
			buildPhases = (
				24F24F4325F0AF4C003C1D04 /* Sources */,
				24F24F4425F0AF4C003C1D04 /* Frameworks */,
				24F24F4525F0AF4C003C1D04 /* Resources */,
			);
			buildRules = (
			);
			dependencies = (
			);
			name = GeneratorJSON;
			packageProductDependencies = (
				24F24F6525F0B5B6003C1D04 /* SwiftyJSON */,
			);
			productName = GeneratorJSON;
			productReference = 24F24F4725F0AF4C003C1D04 /* GeneratorJSON.app */;
			productType = "com.apple.product-type.application";
		};
/* End PBXNativeTarget section */

/* Begin PBXProject section */
		24F24F3F25F0AF4C003C1D04 /* Project object */ = {
			isa = PBXProject;
			attributes = {
				LastSwiftUpdateCheck = 1240;
				LastUpgradeCheck = 1240;
				TargetAttributes = {
					24F24F4625F0AF4C003C1D04 = {
						CreatedOnToolsVersion = 12.4;
					};
				};
			};
			buildConfigurationList = 24F24F4225F0AF4C003C1D04 /* Build configuration list for PBXProject "GeneratorJSON" */;
			compatibilityVersion = "Xcode 9.3";
			developmentRegion = en;
			hasScannedForEncodings = 0;
			knownRegions = (
				en,
				Base,
			);
			mainGroup = 24F24F3E25F0AF4C003C1D04;
			packageReferences = (
				24F24F6425F0B5B6003C1D04 /* XCRemoteSwiftPackageReference "SwiftyJSON" */,
			);
			productRefGroup = 24F24F4825F0AF4C003C1D04 /* Products */;
			projectDirPath = "";
			projectRoot = "";
			targets = (
				24F24F4625F0AF4C003C1D04 /* GeneratorJSON */,
			);
		};
/* End PBXProject section */

/* Begin PBXResourcesBuildPhase section */
		24F24F4525F0AF4C003C1D04 /* Resources */ = {
			isa = PBXResourcesBuildPhase;
			buildActionMask = 2147483647;
			files = (
				24F24F5225F0AF4E003C1D04 /* Preview Assets.xcassets in Resources */,
				24F24F4F25F0AF4E003C1D04 /* Assets.xcassets in Resources */,
			);
			runOnlyForDeploymentPostprocessing = 0;
		};
/* End PBXResourcesBuildPhase section */

/* Begin PBXSourcesBuildPhase section */
		24F24F4325F0AF4C003C1D04 /* Sources */ = {
			isa = PBXSourcesBuildPhase;
			buildActionMask = 2147483647;
			files = (
				24171D5C260C7FB1003852E0 /* Circle.swift in Sources */,
				24171D39260A644F003852E0 /* fitnessAppGenerator.xcdatamodeld in Sources */,
				245E29B327147F8D0072E856 /* StrenghtExerciseSidePage.swift in Sources */,
				24171D7D2611E26F003852E0 /* BasicExercise.swift in Sources */,
				2424DC31270758BA00569856 /* MyTextField.swift in Sources */,
				24171D13260A4A30003852E0 /* WorkoutProgmar.swift in Sources */,
				245E29B227147E2F0072E856 /* SideViewModel.swift in Sources */,
				2424DC292707278000569856 /* DefaultUsers.swift in Sources */,
				2458DE83270989DD0031BD9D /* CloseButton.swift in Sources */,
				24B4AFEF27A1C805008D0081 /* WorkoutPropertyView.swift in Sources */,
				2424DC3A2707675B00569856 /* PropertyChoser.swift in Sources */,
				24B4AFEA27A163AE008D0081 /* ProperiesView.swift in Sources */,
				24171D4D260B2478003852E0 /* NSTextField.swift in Sources */,
				2424DC4527084AC300569856 /* ButtonWIthIcon.swift in Sources */,
				24171D3E260A68AD003852E0 /* Int.swift in Sources */,
				2424DC202707194200569856 /* BlurWindow.swift in Sources */,
				2424DC482708B9D400569856 /* WorkoutsView.swift in Sources */,
				2424DC43270837CD00569856 /* EditVoiceComment.swift in Sources */,
				24F12EDE27AC3B1500384B07 /* HelpFuncs.swift in Sources */,
				24171D32260A6292003852E0 /* CoreData.swift in Sources */,
				24F24F4B25F0AF4C003C1D04 /* GeneratorJSONApp.swift in Sources */,
				245E29BD271575CF0072E856 /* ProgramsView.swift in Sources */,
				24171D0D260A288B003852E0 /* TargetType.swift in Sources */,
				24B4AFE827A1629A008D0081 /* DetailItemView.swift in Sources */,
				24B4AFED27A1C7E9008D0081 /* WorkoutProgramPropertyView.swift in Sources */,
				2458DE81270981470031BD9D /* ExerciseCatalog.swift in Sources */,
				24B4AFE627A16075008D0081 /* CatalogItemView.swift in Sources */,
				24B4AFDE27A154D0008D0081 /* CatalogItem.swift in Sources */,
				2424DC272707262300569856 /* ExercisesViewModel.swift in Sources */,
				2424DC402707732300569856 /* VoiceCommentSection.swift in Sources */,
				24171D7A2611C5FF003852E0 /* ExerciseSet.swift in Sources */,
				24721AD62707129100A27341 /* MainPageType.swift in Sources */,
				24171D0A260A2842003852E0 /* SexType.swift in Sources */,
				24171D50260B8680003852E0 /* MusculeType.swift in Sources */,
				24F12EDC27ABC68F00384B07 /* AdditionalItemsCatalog.swift in Sources */,
				240D011A27A45F56003270E2 /* JSONManager.swift in Sources */,
				2458DE8527099CBA0031BD9D /* ExerciseItem.swift in Sources */,
				24721AD82707148B00A27341 /* TabButton.swift in Sources */,
				24171CF3260A1DAB003852E0 /* WorkType.swift in Sources */,
				245E29AF271469280072E856 /* SafeView.swift in Sources */,
				2459960527215A6C00CFCEFF /* PlaceType.swift in Sources */,
				24AFB45B2615993D006D67F2 /* Notification Names.swift in Sources */,
				245E29BF2715761E0072E856 /* ProgramReview.swift in Sources */,
				24B4AFE227A15E56008D0081 /* CatalogContainer.swift in Sources */,
				2424DC3E27076FBB00569856 /* MultiPropertyChooser.swift in Sources */,
				24171D35260A62AB003852E0 /* CoreDatable.swift in Sources */,
				245E29C52715C3DD0072E856 /* SpecialProgram.swift in Sources */,
				2424DC23270725FE00569856 /* ExercisesView.swift in Sources */,
				240D011D27A471C3003270E2 /* JSONType.swift in Sources */,
				24171D10260A49A7003852E0 /* EquipmentType.swift in Sources */,
				245E29B8271568280072E856 /* IntervalExerciseSidePage.swift in Sources */,
				245E29B42714A5010072E856 /* StrenghtExerciseSetView.swift in Sources */,
				240D011827A45EB4003270E2 /* JSONble.swift in Sources */,
				2424DC3527075DB700569856 /* ImageFrame.swift in Sources */,
				2424DC2F27074D6000569856 /* ExerciseDetail.swift in Sources */,
				2424DC4F2708BCE600569856 /* Reviewble.swift in Sources */,
				2424DC4A2708B9F400569856 /* WorkoutReview.swift in Sources */,
				2424DC3C2707687100569856 /* StrChooseble.swift in Sources */,
				245E29B0271469D50072E856 /* WorkoutCircleView.swift in Sources */,
				245E29B62714B3A10072E856 /* IconButton.swift in Sources */,
				24171CFA260A225A003852E0 /* StrenghtExercise.swift in Sources */,
				2424DC3327075CEB00569856 /* NSTextView.swift in Sources */,
				24B4AFF627A2828C008D0081 /* ItemManager.swift in Sources */,
				24171CEF260A1CC3003852E0 /* Exercise.swift in Sources */,
				24171CF6260A1E0D003852E0 /* LevelType.swift in Sources */,
				24B4AFE027A15587008D0081 /* Property.swift in Sources */,
				2411748F25F14886001EE7CB /* NSImage+ext.swift in Sources */,
				2411749225F152B4001EE7CB /* URL+ext.swift in Sources */,
				24171D06260A2746003852E0 /* Workout.swift in Sources */,
				24721AD02707108000A27341 /* Home.swift in Sources */,
				2424DC512708BF1E00569856 /* WorkoutDetail.swift in Sources */,
				245E29C12715834A0072E856 /* ProgramDetail.swift in Sources */,
				24B4AFF427A1CB87008D0081 /* String.swift in Sources */,
				245E29BA271574B30072E856 /* ProgramsManager.swift in Sources */,
				2424DC4D2708BA5700569856 /* WorkoutsManager.swift in Sources */,
				24B4AFE427A16065008D0081 /* CatalogView.swift in Sources */,
				24204A212685DF7500927D4B /* CircleType.swift in Sources */,
				2424DC2B270733CF00569856 /* Review.swift in Sources */,
				24721AD22707113B00A27341 /* NSScreen.swift in Sources */,
				24171CFE260A2330003852E0 /* IntervalExercise.swift in Sources */,
				2424DC2D2707424600569856 /* ExerciseReview.swift in Sources */,
				24B4AFF227A1C8FC008D0081 /* SearchManager.swift in Sources */,
			);
			runOnlyForDeploymentPostprocessing = 0;
		};
/* End PBXSourcesBuildPhase section */

/* Begin XCBuildConfiguration section */
		24F24F5525F0AF4E003C1D04 /* Debug */ = {
			isa = XCBuildConfiguration;
			buildSettings = {
				ALWAYS_SEARCH_USER_PATHS = NO;
				CLANG_ANALYZER_NONNULL = YES;
				CLANG_ANALYZER_NUMBER_OBJECT_CONVERSION = YES_AGGRESSIVE;
				CLANG_CXX_LANGUAGE_STANDARD = "gnu++14";
				CLANG_CXX_LIBRARY = "libc++";
				CLANG_ENABLE_MODULES = YES;
				CLANG_ENABLE_OBJC_ARC = YES;
				CLANG_ENABLE_OBJC_WEAK = YES;
				CLANG_WARN_BLOCK_CAPTURE_AUTORELEASING = YES;
				CLANG_WARN_BOOL_CONVERSION = YES;
				CLANG_WARN_COMMA = YES;
				CLANG_WARN_CONSTANT_CONVERSION = YES;
				CLANG_WARN_DEPRECATED_OBJC_IMPLEMENTATIONS = YES;
				CLANG_WARN_DIRECT_OBJC_ISA_USAGE = YES_ERROR;
				CLANG_WARN_DOCUMENTATION_COMMENTS = YES;
				CLANG_WARN_EMPTY_BODY = YES;
				CLANG_WARN_ENUM_CONVERSION = YES;
				CLANG_WARN_INFINITE_RECURSION = YES;
				CLANG_WARN_INT_CONVERSION = YES;
				CLANG_WARN_NON_LITERAL_NULL_CONVERSION = YES;
				CLANG_WARN_OBJC_IMPLICIT_RETAIN_SELF = YES;
				CLANG_WARN_OBJC_LITERAL_CONVERSION = YES;
				CLANG_WARN_OBJC_ROOT_CLASS = YES_ERROR;
				CLANG_WARN_QUOTED_INCLUDE_IN_FRAMEWORK_HEADER = YES;
				CLANG_WARN_RANGE_LOOP_ANALYSIS = YES;
				CLANG_WARN_STRICT_PROTOTYPES = YES;
				CLANG_WARN_SUSPICIOUS_MOVE = YES;
				CLANG_WARN_UNGUARDED_AVAILABILITY = YES_AGGRESSIVE;
				CLANG_WARN_UNREACHABLE_CODE = YES;
				CLANG_WARN__DUPLICATE_METHOD_MATCH = YES;
				COPY_PHASE_STRIP = NO;
				DEBUG_INFORMATION_FORMAT = dwarf;
				ENABLE_STRICT_OBJC_MSGSEND = YES;
				ENABLE_TESTABILITY = YES;
				GCC_C_LANGUAGE_STANDARD = gnu11;
				GCC_DYNAMIC_NO_PIC = NO;
				GCC_NO_COMMON_BLOCKS = YES;
				GCC_OPTIMIZATION_LEVEL = 0;
				GCC_PREPROCESSOR_DEFINITIONS = (
					"DEBUG=1",
					"$(inherited)",
				);
				GCC_WARN_64_TO_32_BIT_CONVERSION = YES;
				GCC_WARN_ABOUT_RETURN_TYPE = YES_ERROR;
				GCC_WARN_UNDECLARED_SELECTOR = YES;
				GCC_WARN_UNINITIALIZED_AUTOS = YES_AGGRESSIVE;
				GCC_WARN_UNUSED_FUNCTION = YES;
				GCC_WARN_UNUSED_VARIABLE = YES;
				MACOSX_DEPLOYMENT_TARGET = 11.1;
				MTL_ENABLE_DEBUG_INFO = INCLUDE_SOURCE;
				MTL_FAST_MATH = YES;
				ONLY_ACTIVE_ARCH = YES;
				SDKROOT = macosx;
				SWIFT_ACTIVE_COMPILATION_CONDITIONS = DEBUG;
				SWIFT_OPTIMIZATION_LEVEL = "-Onone";
			};
			name = Debug;
		};
		24F24F5625F0AF4E003C1D04 /* Release */ = {
			isa = XCBuildConfiguration;
			buildSettings = {
				ALWAYS_SEARCH_USER_PATHS = NO;
				CLANG_ANALYZER_NONNULL = YES;
				CLANG_ANALYZER_NUMBER_OBJECT_CONVERSION = YES_AGGRESSIVE;
				CLANG_CXX_LANGUAGE_STANDARD = "gnu++14";
				CLANG_CXX_LIBRARY = "libc++";
				CLANG_ENABLE_MODULES = YES;
				CLANG_ENABLE_OBJC_ARC = YES;
				CLANG_ENABLE_OBJC_WEAK = YES;
				CLANG_WARN_BLOCK_CAPTURE_AUTORELEASING = YES;
				CLANG_WARN_BOOL_CONVERSION = YES;
				CLANG_WARN_COMMA = YES;
				CLANG_WARN_CONSTANT_CONVERSION = YES;
				CLANG_WARN_DEPRECATED_OBJC_IMPLEMENTATIONS = YES;
				CLANG_WARN_DIRECT_OBJC_ISA_USAGE = YES_ERROR;
				CLANG_WARN_DOCUMENTATION_COMMENTS = YES;
				CLANG_WARN_EMPTY_BODY = YES;
				CLANG_WARN_ENUM_CONVERSION = YES;
				CLANG_WARN_INFINITE_RECURSION = YES;
				CLANG_WARN_INT_CONVERSION = YES;
				CLANG_WARN_NON_LITERAL_NULL_CONVERSION = YES;
				CLANG_WARN_OBJC_IMPLICIT_RETAIN_SELF = YES;
				CLANG_WARN_OBJC_LITERAL_CONVERSION = YES;
				CLANG_WARN_OBJC_ROOT_CLASS = YES_ERROR;
				CLANG_WARN_QUOTED_INCLUDE_IN_FRAMEWORK_HEADER = YES;
				CLANG_WARN_RANGE_LOOP_ANALYSIS = YES;
				CLANG_WARN_STRICT_PROTOTYPES = YES;
				CLANG_WARN_SUSPICIOUS_MOVE = YES;
				CLANG_WARN_UNGUARDED_AVAILABILITY = YES_AGGRESSIVE;
				CLANG_WARN_UNREACHABLE_CODE = YES;
				CLANG_WARN__DUPLICATE_METHOD_MATCH = YES;
				COPY_PHASE_STRIP = NO;
				DEBUG_INFORMATION_FORMAT = "dwarf-with-dsym";
				ENABLE_NS_ASSERTIONS = NO;
				ENABLE_STRICT_OBJC_MSGSEND = YES;
				GCC_C_LANGUAGE_STANDARD = gnu11;
				GCC_NO_COMMON_BLOCKS = YES;
				GCC_WARN_64_TO_32_BIT_CONVERSION = YES;
				GCC_WARN_ABOUT_RETURN_TYPE = YES_ERROR;
				GCC_WARN_UNDECLARED_SELECTOR = YES;
				GCC_WARN_UNINITIALIZED_AUTOS = YES_AGGRESSIVE;
				GCC_WARN_UNUSED_FUNCTION = YES;
				GCC_WARN_UNUSED_VARIABLE = YES;
				MACOSX_DEPLOYMENT_TARGET = 11.1;
				MTL_ENABLE_DEBUG_INFO = NO;
				MTL_FAST_MATH = YES;
				SDKROOT = macosx;
				SWIFT_COMPILATION_MODE = wholemodule;
				SWIFT_OPTIMIZATION_LEVEL = "-O";
			};
			name = Release;
		};
		24F24F5825F0AF4E003C1D04 /* Debug */ = {
			isa = XCBuildConfiguration;
			buildSettings = {
				ASSETCATALOG_COMPILER_APPICON_NAME = AppIcon;
				ASSETCATALOG_COMPILER_GLOBAL_ACCENT_COLOR_NAME = AccentColor;
				CODE_SIGN_ENTITLEMENTS = GeneratorJSON/GeneratorJSON.entitlements;
				CODE_SIGN_STYLE = Automatic;
				COMBINE_HIDPI_IMAGES = YES;
				DEVELOPMENT_ASSET_PATHS = "\"GeneratorJSON/Preview Content\"";
				DEVELOPMENT_TEAM = 4P2D9F3M8A;
				ENABLE_HARDENED_RUNTIME = YES;
				ENABLE_PREVIEWS = YES;
				INFOPLIST_FILE = GeneratorJSON/Info.plist;
				LD_RUNPATH_SEARCH_PATHS = (
					"$(inherited)",
					"@executable_path/../Frameworks",
				);
				MACOSX_DEPLOYMENT_TARGET = 11.0;
				PRODUCT_BUNDLE_IDENTIFIER = gazizov.GeneratorJSON;
				PRODUCT_NAME = "$(TARGET_NAME)";
				SWIFT_VERSION = 5.0;
			};
			name = Debug;
		};
		24F24F5925F0AF4E003C1D04 /* Release */ = {
			isa = XCBuildConfiguration;
			buildSettings = {
				ASSETCATALOG_COMPILER_APPICON_NAME = AppIcon;
				ASSETCATALOG_COMPILER_GLOBAL_ACCENT_COLOR_NAME = AccentColor;
				CODE_SIGN_ENTITLEMENTS = GeneratorJSON/GeneratorJSON.entitlements;
				CODE_SIGN_STYLE = Automatic;
				COMBINE_HIDPI_IMAGES = YES;
				DEVELOPMENT_ASSET_PATHS = "\"GeneratorJSON/Preview Content\"";
				DEVELOPMENT_TEAM = 4P2D9F3M8A;
				ENABLE_HARDENED_RUNTIME = YES;
				ENABLE_PREVIEWS = YES;
				INFOPLIST_FILE = GeneratorJSON/Info.plist;
				LD_RUNPATH_SEARCH_PATHS = (
					"$(inherited)",
					"@executable_path/../Frameworks",
				);
				MACOSX_DEPLOYMENT_TARGET = 11.0;
				PRODUCT_BUNDLE_IDENTIFIER = gazizov.GeneratorJSON;
				PRODUCT_NAME = "$(TARGET_NAME)";
				SWIFT_VERSION = 5.0;
			};
			name = Release;
		};
/* End XCBuildConfiguration section */

/* Begin XCConfigurationList section */
		24F24F4225F0AF4C003C1D04 /* Build configuration list for PBXProject "GeneratorJSON" */ = {
			isa = XCConfigurationList;
			buildConfigurations = (
				24F24F5525F0AF4E003C1D04 /* Debug */,
				24F24F5625F0AF4E003C1D04 /* Release */,
			);
			defaultConfigurationIsVisible = 0;
			defaultConfigurationName = Release;
		};
		24F24F5725F0AF4E003C1D04 /* Build configuration list for PBXNativeTarget "GeneratorJSON" */ = {
			isa = XCConfigurationList;
			buildConfigurations = (
				24F24F5825F0AF4E003C1D04 /* Debug */,
				24F24F5925F0AF4E003C1D04 /* Release */,
			);
			defaultConfigurationIsVisible = 0;
			defaultConfigurationName = Release;
		};
/* End XCConfigurationList section */

/* Begin XCRemoteSwiftPackageReference section */
		24F24F6425F0B5B6003C1D04 /* XCRemoteSwiftPackageReference "SwiftyJSON" */ = {
			isa = XCRemoteSwiftPackageReference;
			repositoryURL = "https://github.com/SwiftyJSON/SwiftyJSON.git";
			requirement = {
				kind = upToNextMajorVersion;
				minimumVersion = 5.0.0;
			};
		};
/* End XCRemoteSwiftPackageReference section */

/* Begin XCSwiftPackageProductDependency section */
		24F24F6525F0B5B6003C1D04 /* SwiftyJSON */ = {
			isa = XCSwiftPackageProductDependency;
			package = 24F24F6425F0B5B6003C1D04 /* XCRemoteSwiftPackageReference "SwiftyJSON" */;
			productName = SwiftyJSON;
		};
/* End XCSwiftPackageProductDependency section */

/* Begin XCVersionGroup section */
		24171D37260A644F003852E0 /* fitnessAppGenerator.xcdatamodeld */ = {
			isa = XCVersionGroup;
			children = (
				24171D38260A644F003852E0 /* fitnessAppGenerator.xcdatamodel */,
			);
			currentVersion = 24171D38260A644F003852E0 /* fitnessAppGenerator.xcdatamodel */;
			path = fitnessAppGenerator.xcdatamodeld;
			sourceTree = "<group>";
			versionGroupType = wrapper.xcdatamodel;
		};
/* End XCVersionGroup section */
	};
	rootObject = 24F24F3F25F0AF4C003C1D04 /* Project object */;
}
